// !$*UTF8*$!
{
	archiveVersion = 1;
	classes = {
	};
	objectVersion = 48;
	objects = {

/* Begin PBXAggregateTarget section */
		8A177BE11F7EEA4B0097CA3D /* CommonCrypto */ = {
			isa = PBXAggregateTarget;
			buildConfigurationList = 8A177BE41F7EEA4B0097CA3D /* Build configuration list for PBXAggregateTarget "CommonCrypto" */;
			buildPhases = (
				8A177BE51F7EEA4F0097CA3D /* ShellScript */,
			);
			dependencies = (
			);
			name = CommonCrypto;
			productName = CommonCrypto;
		};
/* End PBXAggregateTarget section */

/* Begin PBXBuildFile section */
		8A177BDB1F7EC2730097CA3D /* PassthroughStream.swift in Sources */ = {isa = PBXBuildFile; fileRef = 8A177BDA1F7EC2730097CA3D /* PassthroughStream.swift */; };
		8A177BDD1F7EC8D00097CA3D /* PassthroughStream.swift in Sources */ = {isa = PBXBuildFile; fileRef = 8A177BDC1F7EC8D00097CA3D /* PassthroughStream.swift */; };
		8A177BEC1F7EF37E0097CA3D /* FetchPerformance.swift in Sources */ = {isa = PBXBuildFile; fileRef = 8A177BEB1F7EF37E0097CA3D /* FetchPerformance.swift */; };
		8A181A941F717C5C005CED14 /* MessageChannel.swift in Sources */ = {isa = PBXBuildFile; fileRef = 8A181A931F717C5C005CED14 /* MessageChannel.swift */; };
		8A181A961F717D19005CED14 /* MessageChannelTests.swift in Sources */ = {isa = PBXBuildFile; fileRef = 8A181A951F717D19005CED14 /* MessageChannelTests.swift */; };
		8A181AA01F71BA05005CED14 /* MessagePortTarget.swift in Sources */ = {isa = PBXBuildFile; fileRef = 8A181A9F1F71BA05005CED14 /* MessagePortTarget.swift */; };
		8A181AAB1F755C7A005CED14 /* Cache.swift in Sources */ = {isa = PBXBuildFile; fileRef = 8A181AAA1F755C7A005CED14 /* Cache.swift */; };
		8A181AAD1F755D2E005CED14 /* CacheMatchOptions.swift in Sources */ = {isa = PBXBuildFile; fileRef = 8A181AAC1F755D2E005CED14 /* CacheMatchOptions.swift */; };
		8A181AAF1F755FCF005CED14 /* CacheStorage.swift in Sources */ = {isa = PBXBuildFile; fileRef = 8A181AAE1F755FCF005CED14 /* CacheStorage.swift */; };
		8A181AB11F756228005CED14 /* CacheStorageProviderDelegate.swift in Sources */ = {isa = PBXBuildFile; fileRef = 8A181AB01F756228005CED14 /* CacheStorageProviderDelegate.swift */; };
		8A181ABA1F756B86005CED14 /* CacheTests.swift in Sources */ = {isa = PBXBuildFile; fileRef = 8A181AB91F756B86005CED14 /* CacheTests.swift */; };
		8A1D939D1F632822003CD121 /* FetchTask.swift in Sources */ = {isa = PBXBuildFile; fileRef = 8A1D939C1F632821003CD121 /* FetchTask.swift */; };
		8A2264AC1F33BCDA00B48902 /* WebSQLTransaction.swift in Sources */ = {isa = PBXBuildFile; fileRef = 8A2264AB1F33BCDA00B48902 /* WebSQLTransaction.swift */; };
		8A2264AE1F33C6C700B48902 /* WebSQLResultSet.swift in Sources */ = {isa = PBXBuildFile; fileRef = 8A2264AD1F33C6C700B48902 /* WebSQLResultSet.swift */; };
		8A235FF41F34C62100969268 /* SQLiteTests.swift in Sources */ = {isa = PBXBuildFile; fileRef = 8A235FF31F34C62100969268 /* SQLiteTests.swift */; };
		8A235FF91F34D0D300969268 /* SQLiteDataType.swift in Sources */ = {isa = PBXBuildFile; fileRef = 8A235FF81F34D0D300969268 /* SQLiteDataType.swift */; };
		8A235FFE1F34DEAB00969268 /* WebSQLConnection.swift in Sources */ = {isa = PBXBuildFile; fileRef = 8A235FFD1F34DEAB00969268 /* WebSQLConnection.swift */; };
		8A2360061F34F7BE00969268 /* js-dist in Resources */ = {isa = PBXBuildFile; fileRef = 8A2360011F34F3AE00969268 /* js-dist */; };
		8A315BF21F50EA3A00BFF5F1 /* ZZZZ_TestEndChecks.swift in Sources */ = {isa = PBXBuildFile; fileRef = 8A315BF11F50EA3A00BFF5F1 /* ZZZZ_TestEndChecks.swift */; };
		8A35AE901F577BFF00E63EF5 /* ServiceWorkerDelegate.swift in Sources */ = {isa = PBXBuildFile; fileRef = 8A35AE8F1F577BFF00E63EF5 /* ServiceWorkerDelegate.swift */; };
		8A35AE921F5780DE00E63EF5 /* ServiceWorkerGlobalScopeDelegate.swift in Sources */ = {isa = PBXBuildFile; fileRef = 8A35AE911F5780DE00E63EF5 /* ServiceWorkerGlobalScopeDelegate.swift */; };
		8A35AE941F584EBC00E63EF5 /* ServiceWorkerClientsDelegate.swift in Sources */ = {isa = PBXBuildFile; fileRef = 8A35AE931F584EBC00E63EF5 /* ServiceWorkerClientsDelegate.swift */; };
		8A43C17C1F4E3FEC001221C1 /* ClientProtocol.swift in Sources */ = {isa = PBXBuildFile; fileRef = 8A43C17B1F4E3FEC001221C1 /* ClientProtocol.swift */; };
		8A43C17E1F4E4102001221C1 /* WorkerClientsProtocol.swift in Sources */ = {isa = PBXBuildFile; fileRef = 8A43C17D1F4E4102001221C1 /* WorkerClientsProtocol.swift */; };
		8A43C1871F4F29A2001221C1 /* ClientMatchAllOptions.swift in Sources */ = {isa = PBXBuildFile; fileRef = 8A43C1861F4F29A2001221C1 /* ClientMatchAllOptions.swift */; };
		8A43C18A1F4F2C79001221C1 /* Clients.swift in Sources */ = {isa = PBXBuildFile; fileRef = 8A43C1891F4F2C79001221C1 /* Clients.swift */; };
		8A43C18C1F4F32CD001221C1 /* ClientType.swift in Sources */ = {isa = PBXBuildFile; fileRef = 8A43C18B1F4F32CD001221C1 /* ClientType.swift */; };
		8A43C18E1F4F3391001221C1 /* WindowClientProtocol.swift in Sources */ = {isa = PBXBuildFile; fileRef = 8A43C18D1F4F3391001221C1 /* WindowClientProtocol.swift */; };
		8A43C1901F4F346F001221C1 /* Client.swift in Sources */ = {isa = PBXBuildFile; fileRef = 8A43C18F1F4F346F001221C1 /* Client.swift */; };
		8A43C1921F4F3486001221C1 /* WindowClientVisibilityState.swift in Sources */ = {isa = PBXBuildFile; fileRef = 8A43C1911F4F3486001221C1 /* WindowClientVisibilityState.swift */; };
		8A463DEC1F6C207700AA5B26 /* GlobalVariableProvider.swift in Sources */ = {isa = PBXBuildFile; fileRef = 8A463DEB1F6C207700AA5B26 /* GlobalVariableProvider.swift */; };
		8A463DEF1F6C282F00AA5B26 /* PerformanceTests.swift in Sources */ = {isa = PBXBuildFile; fileRef = 8A463DEE1F6C282F00AA5B26 /* PerformanceTests.swift */; };
		8A5510771F70294300B6A6A6 /* IndexedDBTests.swift in Sources */ = {isa = PBXBuildFile; fileRef = 8A5510761F70294300B6A6A6 /* IndexedDBTests.swift */; };
		8A5B36191F5F4D22009F72AC /* JSArrayBuffer.swift in Sources */ = {isa = PBXBuildFile; fileRef = 8A5B36171F5F48DF009F72AC /* JSArrayBuffer.swift */; };
		8A5D97F91F3CB532002E521F /* GlobalEventLog.swift in Sources */ = {isa = PBXBuildFile; fileRef = 8A5D97F81F3CB532002E521F /* GlobalEventLog.swift */; };
		8A5D98111F3DF8C2002E521F /* PromiseKit.framework in Frameworks */ = {isa = PBXBuildFile; fileRef = 8A5D980F1F3DF89F002E521F /* PromiseKit.framework */; };
		8A5D98151F3DF8C2002E521F /* GCDWebServers.framework in Frameworks */ = {isa = PBXBuildFile; fileRef = 8A5D98121F3DF8C2002E521F /* GCDWebServers.framework */; };
		8A5D98161F3DF8C2002E521F /* FMDB.framework in Frameworks */ = {isa = PBXBuildFile; fileRef = 8A5D98131F3DF8C2002E521F /* FMDB.framework */; };
		8A5D98171F3DF8C2002E521F /* Gzip.framework in Frameworks */ = {isa = PBXBuildFile; fileRef = 8A5D98141F3DF8C2002E521F /* Gzip.framework */; };
		8A653E871F6983B500115228 /* GlobalContextMessingAround.swift in Sources */ = {isa = PBXBuildFile; fileRef = 8A653E861F6983B500115228 /* GlobalContextMessingAround.swift */; };
		8A755C0B1F8569B1003720B8 /* EventPromiseExtender.swift in Sources */ = {isa = PBXBuildFile; fileRef = 8A755C0A1F8569B1003720B8 /* EventPromiseExtender.swift */; };
		8A755C0D1F856B73003720B8 /* FetchEvent.swift in Sources */ = {isa = PBXBuildFile; fileRef = 8A755C0C1F856B73003720B8 /* FetchEvent.swift */; };
		8A755C0F1F856BD0003720B8 /* FetchEventTests.swift in Sources */ = {isa = PBXBuildFile; fileRef = 8A755C0E1F856BD0003720B8 /* FetchEventTests.swift */; };
		8A755C131F858399003720B8 /* URLSearchParams.swift in Sources */ = {isa = PBXBuildFile; fileRef = 8A755C121F858399003720B8 /* URLSearchParams.swift */; };
		8A8C3A1F1F4F3DED00EDA645 /* WindowClient.swift in Sources */ = {isa = PBXBuildFile; fileRef = 8A8C3A1E1F4F3DED00EDA645 /* WindowClient.swift */; };
		8A8C3A221F4F47C600EDA645 /* ClientsTests.swift in Sources */ = {isa = PBXBuildFile; fileRef = 8A8C3A211F4F47C600EDA645 /* ClientsTests.swift */; };
		8A9831C11F60C5D100ED23F0 /* FetchSession.swift in Sources */ = {isa = PBXBuildFile; fileRef = 8A9831C01F60C5D100ED23F0 /* FetchSession.swift */; };
		8A9831C31F60C9D300ED23F0 /* FetchResponse.swift in Sources */ = {isa = PBXBuildFile; fileRef = 8A9831C21F60C9D300ED23F0 /* FetchResponse.swift */; };
		8A9831C41F618DAE00ED23F0 /* PromiseKit.framework in Frameworks */ = {isa = PBXBuildFile; fileRef = 8A5D980F1F3DF89F002E521F /* PromiseKit.framework */; };
		8AB834631F6223EC00733F42 /* FetchCORSRestrictions.swift in Sources */ = {isa = PBXBuildFile; fileRef = 8AB834621F6223EC00733F42 /* FetchCORSRestrictions.swift */; };
		8AC754721F3122FE00C6B70A /* ServiceWorker.framework in Frameworks */ = {isa = PBXBuildFile; fileRef = 8AC754681F3122FE00C6B70A /* ServiceWorker.framework */; };
		8AC754771F3122FE00C6B70A /* ServiceWorkerTests.swift in Sources */ = {isa = PBXBuildFile; fileRef = 8AC754761F3122FE00C6B70A /* ServiceWorkerTests.swift */; };
		8AC754791F3122FE00C6B70A /* ServiceWorker.h in Headers */ = {isa = PBXBuildFile; fileRef = 8AC7546B1F3122FE00C6B70A /* ServiceWorker.h */; settings = {ATTRIBUTES = (Public, ); }; };
		8AC754CB1F31235300C6B70A /* ServiceWorker.swift in Headers */ = {isa = PBXBuildFile; fileRef = 8AC754C71F31235200C6B70A /* ServiceWorker.swift */; };
		8AC754CC1F31235300C6B70A /* ServiceWorkerExecutionEnvironment.swift in Headers */ = {isa = PBXBuildFile; fileRef = 8AC754C01F31235200C6B70A /* ServiceWorkerExecutionEnvironment.swift */; };
		8AC754CD1F31235300C6B70A /* ServiceWorkerInstallState.swift in Headers */ = {isa = PBXBuildFile; fileRef = 8AC754961F31235200C6B70A /* ServiceWorkerInstallState.swift */; };
		8AC754CF1F31252B00C6B70A /* Event.swift in Sources */ = {isa = PBXBuildFile; fileRef = 8AC754981F31235200C6B70A /* Event.swift */; };
		8AC754D01F31252B00C6B70A /* EventTarget.swift in Sources */ = {isa = PBXBuildFile; fileRef = 8AC754991F31235200C6B70A /* EventTarget.swift */; };
		8AC754D11F31252B00C6B70A /* ExtendableEvent.swift in Sources */ = {isa = PBXBuildFile; fileRef = 8AC7549A1F31235200C6B70A /* ExtendableEvent.swift */; };
		8AC754D21F31252B00C6B70A /* FetchHeaders.swift in Sources */ = {isa = PBXBuildFile; fileRef = 8AC754A81F31235200C6B70A /* FetchHeaders.swift */; };
		8AC754D41F31252B00C6B70A /* FetchRequest.swift in Sources */ = {isa = PBXBuildFile; fileRef = 8AC754AA1F31235200C6B70A /* FetchRequest.swift */; };
		8AC754D61F31252B00C6B70A /* HttpStatusCodes.swift in Sources */ = {isa = PBXBuildFile; fileRef = 8AC754AC1F31235200C6B70A /* HttpStatusCodes.swift */; };
		8AC754D81F31252B00C6B70A /* BasicResponse.swift in Sources */ = {isa = PBXBuildFile; fileRef = 8AC754AF1F31235200C6B70A /* BasicResponse.swift */; };
		8AC754D91F31252B00C6B70A /* CORSResponse.swift in Sources */ = {isa = PBXBuildFile; fileRef = 8AC754B01F31235200C6B70A /* CORSResponse.swift */; };
		8AC754DA1F31252B00C6B70A /* FetchResponseProtocol.swift in Sources */ = {isa = PBXBuildFile; fileRef = 8AC754B11F31235200C6B70A /* FetchResponseProtocol.swift */; };
		8AC754DB1F31252B00C6B70A /* FetchResponseProxy.swift in Sources */ = {isa = PBXBuildFile; fileRef = 8AC754B21F31235200C6B70A /* FetchResponseProxy.swift */; };
		8AC754DC1F31252B00C6B70A /* OpaqueResponse.swift in Sources */ = {isa = PBXBuildFile; fileRef = 8AC754B31F31235200C6B70A /* OpaqueResponse.swift */; };
		8AC754DD1F31252B00C6B70A /* ResponseType.swift in Sources */ = {isa = PBXBuildFile; fileRef = 8AC754B41F31235200C6B70A /* ResponseType.swift */; };
		8AC754DE1F31252B00C6B70A /* ConsoleMirror.swift in Sources */ = {isa = PBXBuildFile; fileRef = 8AC754C91F31235200C6B70A /* ConsoleMirror.swift */; };
		8AC754DF1F31252B00C6B70A /* ServiceWorkerGlobalScope.swift in Sources */ = {isa = PBXBuildFile; fileRef = 8AC754CA1F31235200C6B70A /* ServiceWorkerGlobalScope.swift */; };
		8AC754E31F31252B00C6B70A /* ServiceWorkerRegistrationProtocol.swift in Sources */ = {isa = PBXBuildFile; fileRef = 8AC754951F31235200C6B70A /* ServiceWorkerRegistrationProtocol.swift */; };
		8AC754E41F31252B00C6B70A /* JSPromise.swift in Sources */ = {isa = PBXBuildFile; fileRef = 8AC7549C1F31235200C6B70A /* JSPromise.swift */; };
		8AC754E51F31252B00C6B70A /* PromiseToJSPromise.swift in Sources */ = {isa = PBXBuildFile; fileRef = 8AC7549D1F31235200C6B70A /* PromiseToJSPromise.swift */; };
		8AC754E61F31252B00C6B70A /* TimeoutManager.swift in Sources */ = {isa = PBXBuildFile; fileRef = 8AC7549E1F31235200C6B70A /* TimeoutManager.swift */; };
		8AC754E91F31252B00C6B70A /* ServiceWorker.swift in Sources */ = {isa = PBXBuildFile; fileRef = 8AC754C71F31235200C6B70A /* ServiceWorker.swift */; };
		8AC754EA1F31252B00C6B70A /* ServiceWorkerExecutionEnvironment.swift in Sources */ = {isa = PBXBuildFile; fileRef = 8AC754C01F31235200C6B70A /* ServiceWorkerExecutionEnvironment.swift */; };
		8AC754EB1F31252B00C6B70A /* ServiceWorkerInstallState.swift in Sources */ = {isa = PBXBuildFile; fileRef = 8AC754961F31235200C6B70A /* ServiceWorkerInstallState.swift */; };
		8AC754F41F31292800C6B70A /* ErrorMessage.swift in Sources */ = {isa = PBXBuildFile; fileRef = 8AC754F31F31292800C6B70A /* ErrorMessage.swift */; };
		8AC754F61F31293C00C6B70A /* SharedLogInterface.swift in Sources */ = {isa = PBXBuildFile; fileRef = 8AC754F51F31293C00C6B70A /* SharedLogInterface.swift */; };
		8AC7550F1F312A1200C6B70A /* Bootstrap.swift in Sources */ = {isa = PBXBuildFile; fileRef = 8AC755031F312A1200C6B70A /* Bootstrap.swift */; };
		8AC755111F312A3200C6B70A /* JSPromise.swift in Sources */ = {isa = PBXBuildFile; fileRef = 8AC754FD1F312A1200C6B70A /* JSPromise.swift */; };
		8AC755141F312A3200C6B70A /* Migrate.swift in Sources */ = {isa = PBXBuildFile; fileRef = 8AC755051F312A1200C6B70A /* Migrate.swift */; };
		8AC755151F312A3200C6B70A /* EventTargetTests.swift in Sources */ = {isa = PBXBuildFile; fileRef = 8AC7550D1F312A1200C6B70A /* EventTargetTests.swift */; };
		8AC755161F312A3200C6B70A /* ExtendableEventTests.swift in Sources */ = {isa = PBXBuildFile; fileRef = 8AC7550E1F312A1200C6B70A /* ExtendableEventTests.swift */; };
		8AC755171F312A3200C6B70A /* FetchHeadersTests.swift in Sources */ = {isa = PBXBuildFile; fileRef = 8AC754F81F312A1200C6B70A /* FetchHeadersTests.swift */; };
		8AC755181F312A3200C6B70A /* FetchOperation.swift in Sources */ = {isa = PBXBuildFile; fileRef = 8AC754F91F312A1200C6B70A /* FetchOperation.swift */; };
		8AC755191F312A3200C6B70A /* FetchOperationCORS.swift in Sources */ = {isa = PBXBuildFile; fileRef = 8AC754FA1F312A1200C6B70A /* FetchOperationCORS.swift */; };
		8AC7551A1F312A3200C6B70A /* FetchResponse.swift in Sources */ = {isa = PBXBuildFile; fileRef = 8AC754FB1F312A1200C6B70A /* FetchResponse.swift */; };
		8AC7551B1F312A3200C6B70A /* ConsoleMirrorTests.swift in Sources */ = {isa = PBXBuildFile; fileRef = 8AC754FF1F312A1200C6B70A /* ConsoleMirrorTests.swift */; };
		8AC7551C1F312A3200C6B70A /* ExecutionTests.swift in Sources */ = {isa = PBXBuildFile; fileRef = 8AC755001F312A1200C6B70A /* ExecutionTests.swift */; };
		8AC7551D1F312A3200C6B70A /* GlobalScopeTests.swift in Sources */ = {isa = PBXBuildFile; fileRef = 8AC755011F312A1200C6B70A /* GlobalScopeTests.swift */; };
		8AC7551E1F312A3200C6B70A /* ImportScriptsTests.swift in Sources */ = {isa = PBXBuildFile; fileRef = 8AC755021F312A1200C6B70A /* ImportScriptsTests.swift */; };
		8AC755271F32404800C6B70A /* TestWeb.swift in Sources */ = {isa = PBXBuildFile; fileRef = 8AC755261F32403100C6B70A /* TestWeb.swift */; };
		8AC755281F32404A00C6B70A /* ServiceWorkerExtensions.swift in Sources */ = {isa = PBXBuildFile; fileRef = 8AC755251F32403100C6B70A /* ServiceWorkerExtensions.swift */; };
		8AC755291F32404C00C6B70A /* PromiseAssert.swift in Sources */ = {isa = PBXBuildFile; fileRef = 8AC755241F32403100C6B70A /* PromiseAssert.swift */; };
		8AC755341F3240B500C6B70A /* Migration.swift in Sources */ = {isa = PBXBuildFile; fileRef = 8AC7552B1F3240B200C6B70A /* Migration.swift */; };
		8AC755351F3240BA00C6B70A /* SQLiteBlobReadStream.swift in Sources */ = {isa = PBXBuildFile; fileRef = 8AC7552D1F3240B200C6B70A /* SQLiteBlobReadStream.swift */; };
		8AC755371F3240BB00C6B70A /* SQLiteBlobWriteStream.swift in Sources */ = {isa = PBXBuildFile; fileRef = 8AC7552F1F3240B200C6B70A /* SQLiteBlobWriteStream.swift */; };
		8AC755381F3240BB00C6B70A /* SQLiteConnection.swift in Sources */ = {isa = PBXBuildFile; fileRef = 8AC755301F3240B200C6B70A /* SQLiteConnection.swift */; };
		8AC755391F3240BB00C6B70A /* SQLiteResultSet.swift in Sources */ = {isa = PBXBuildFile; fileRef = 8AC755311F3240B200C6B70A /* SQLiteResultSet.swift */; };
		8AC755421F325CD100C6B70A /* WebSQLDatabase.swift in Sources */ = {isa = PBXBuildFile; fileRef = 8AC755411F325CD100C6B70A /* WebSQLDatabase.swift */; };
		8ACCD72B1F50719400F444B6 /* FetchRequestTests.swift in Sources */ = {isa = PBXBuildFile; fileRef = 8ACCD72A1F50719300F444B6 /* FetchRequestTests.swift */; };
		8ACCD72D1F50755B00F444B6 /* LocationBase.swift in Sources */ = {isa = PBXBuildFile; fileRef = 8ACCD72C1F50755B00F444B6 /* LocationBase.swift */; };
		8ACCD7301F507E9600F444B6 /* JSURL.swift in Sources */ = {isa = PBXBuildFile; fileRef = 8ACCD72F1F507E9600F444B6 /* JSURL.swift */; };
		8ACCD7321F50828A00F444B6 /* URLTests.swift in Sources */ = {isa = PBXBuildFile; fileRef = 8ACCD7311F50828A00F444B6 /* URLTests.swift */; };
		8ACCD7341F50936600F444B6 /* WorkerLocation.swift in Sources */ = {isa = PBXBuildFile; fileRef = 8ACCD7331F50936600F444B6 /* WorkerLocation.swift */; };
		8AD140FB1F70401800ED2D2C /* WebSQLResultRows.swift in Sources */ = {isa = PBXBuildFile; fileRef = 8AD140FA1F70401800ED2D2C /* WebSQLResultRows.swift */; };
		8AD140FD1F705A1100ED2D2C /* TimeoutTests.swift in Sources */ = {isa = PBXBuildFile; fileRef = 8AD140FC1F705A1100ED2D2C /* TimeoutTests.swift */; };
		8AD141031F7168CB00ED2D2C /* MessagePort.swift in Sources */ = {isa = PBXBuildFile; fileRef = 8AD141021F7168CB00ED2D2C /* MessagePort.swift */; };
		8AD141051F71698900ED2D2C /* Transferable.swift in Sources */ = {isa = PBXBuildFile; fileRef = 8AD141041F71698900ED2D2C /* Transferable.swift */; };
		8AD141071F716AEB00ED2D2C /* ExtendableMessageEvent.swift in Sources */ = {isa = PBXBuildFile; fileRef = 8AD141061F716AEB00ED2D2C /* ExtendableMessageEvent.swift */; };
		8AD141091F716C3800ED2D2C /* EventListenerProtocol.swift in Sources */ = {isa = PBXBuildFile; fileRef = 8AD141081F716C3800ED2D2C /* EventListenerProtocol.swift */; };
		8AD1410B1F716CA800ED2D2C /* JSEventListener.swift in Sources */ = {isa = PBXBuildFile; fileRef = 8AD1410A1F716CA800ED2D2C /* JSEventListener.swift */; };
		8AD1410D1F716E9A00ED2D2C /* SwiftEventListener.swift in Sources */ = {isa = PBXBuildFile; fileRef = 8AD1410C1F716E9A00ED2D2C /* SwiftEventListener.swift */; };
		8AD141101F71739E00ED2D2C /* MessagePortTests.swift in Sources */ = {isa = PBXBuildFile; fileRef = 8AD1410F1F71739E00ED2D2C /* MessagePortTests.swift */; };
		8AEBD3081F7D480C00AF1A21 /* StreamPipe.swift in Sources */ = {isa = PBXBuildFile; fileRef = 8AEBD3071F7D480C00AF1A21 /* StreamPipe.swift */; };
		8AEBD30A1F7D50E500AF1A21 /* SQLiteBlobStreamPointer.swift in Sources */ = {isa = PBXBuildFile; fileRef = 8AEBD3091F7D50E500AF1A21 /* SQLiteBlobStreamPointer.swift */; };
		8AEBD30E1F7D624600AF1A21 /* StreamPipeTests.swift in Sources */ = {isa = PBXBuildFile; fileRef = 8AEBD30D1F7D624600AF1A21 /* StreamPipeTests.swift */; };
		8AEBD3101F7DD42800AF1A21 /* JSArrayBufferStream.swift in Sources */ = {isa = PBXBuildFile; fileRef = 8AEBD30F1F7DD42800AF1A21 /* JSArrayBufferStream.swift */; };
		8AEBD3121F7EA1E700AF1A21 /* InputStreamImplementation.swift in Sources */ = {isa = PBXBuildFile; fileRef = 8AEBD3111F7EA1E700AF1A21 /* InputStreamImplementation.swift */; };
		8AEBD3141F7EA8C800AF1A21 /* OutputStreamImplementation.swift in Sources */ = {isa = PBXBuildFile; fileRef = 8AEBD3131F7EA8C800AF1A21 /* OutputStreamImplementation.swift */; };
		8AF48A5E1F7C00CD0036537B /* ConstructableFetchResponse.swift in Sources */ = {isa = PBXBuildFile; fileRef = 8AF48A5D1F7C00CD0036537B /* ConstructableFetchResponse.swift */; };
		8AF48A601F7C06E90036537B /* ConstructableFetchResponseTests.swift in Sources */ = {isa = PBXBuildFile; fileRef = 8AF48A5F1F7C06E90036537B /* ConstructableFetchResponseTests.swift */; };
/* End PBXBuildFile section */

/* Begin PBXContainerItemProxy section */
		8A177BE61F7EEA680097CA3D /* PBXContainerItemProxy */ = {
			isa = PBXContainerItemProxy;
			containerPortal = 8AC7545F1F3122FE00C6B70A /* Project object */;
			proxyType = 1;
			remoteGlobalIDString = 8A177BE11F7EEA4B0097CA3D;
			remoteInfo = CommonCrypto;
		};
		8AC754731F3122FE00C6B70A /* PBXContainerItemProxy */ = {
			isa = PBXContainerItemProxy;
			containerPortal = 8AC7545F1F3122FE00C6B70A /* Project object */;
			proxyType = 1;
			remoteGlobalIDString = 8AC754671F3122FE00C6B70A;
			remoteInfo = ServiceWorker;
		};
/* End PBXContainerItemProxy section */

/* Begin PBXFileReference section */
		8A177BDA1F7EC2730097CA3D /* PassthroughStream.swift */ = {isa = PBXFileReference; lastKnownFileType = sourcecode.swift; path = PassthroughStream.swift; sourceTree = "<group>"; };
		8A177BDC1F7EC8D00097CA3D /* PassthroughStream.swift */ = {isa = PBXFileReference; lastKnownFileType = sourcecode.swift; path = PassthroughStream.swift; sourceTree = "<group>"; };
		8A177BEB1F7EF37E0097CA3D /* FetchPerformance.swift */ = {isa = PBXFileReference; lastKnownFileType = sourcecode.swift; path = FetchPerformance.swift; sourceTree = "<group>"; };
		8A181A931F717C5C005CED14 /* MessageChannel.swift */ = {isa = PBXFileReference; lastKnownFileType = sourcecode.swift; path = MessageChannel.swift; sourceTree = "<group>"; };
		8A181A951F717D19005CED14 /* MessageChannelTests.swift */ = {isa = PBXFileReference; lastKnownFileType = sourcecode.swift; path = MessageChannelTests.swift; sourceTree = "<group>"; };
		8A181A9F1F71BA05005CED14 /* MessagePortTarget.swift */ = {isa = PBXFileReference; lastKnownFileType = sourcecode.swift; path = MessagePortTarget.swift; sourceTree = "<group>"; };
		8A181AAA1F755C7A005CED14 /* Cache.swift */ = {isa = PBXFileReference; lastKnownFileType = sourcecode.swift; path = Cache.swift; sourceTree = "<group>"; };
		8A181AAC1F755D2E005CED14 /* CacheMatchOptions.swift */ = {isa = PBXFileReference; lastKnownFileType = sourcecode.swift; path = CacheMatchOptions.swift; sourceTree = "<group>"; };
		8A181AAE1F755FCF005CED14 /* CacheStorage.swift */ = {isa = PBXFileReference; lastKnownFileType = sourcecode.swift; path = CacheStorage.swift; sourceTree = "<group>"; };
		8A181AB01F756228005CED14 /* CacheStorageProviderDelegate.swift */ = {isa = PBXFileReference; lastKnownFileType = sourcecode.swift; path = CacheStorageProviderDelegate.swift; sourceTree = "<group>"; };
		8A181AB91F756B86005CED14 /* CacheTests.swift */ = {isa = PBXFileReference; lastKnownFileType = sourcecode.swift; path = CacheTests.swift; sourceTree = "<group>"; };
		8A1D939C1F632821003CD121 /* FetchTask.swift */ = {isa = PBXFileReference; lastKnownFileType = sourcecode.swift; path = FetchTask.swift; sourceTree = "<group>"; };
		8A2264AB1F33BCDA00B48902 /* WebSQLTransaction.swift */ = {isa = PBXFileReference; lastKnownFileType = sourcecode.swift; path = WebSQLTransaction.swift; sourceTree = "<group>"; };
		8A2264AD1F33C6C700B48902 /* WebSQLResultSet.swift */ = {isa = PBXFileReference; lastKnownFileType = sourcecode.swift; path = WebSQLResultSet.swift; sourceTree = "<group>"; };
		8A235FF31F34C62100969268 /* SQLiteTests.swift */ = {isa = PBXFileReference; lastKnownFileType = sourcecode.swift; path = SQLiteTests.swift; sourceTree = "<group>"; };
		8A235FF81F34D0D300969268 /* SQLiteDataType.swift */ = {isa = PBXFileReference; lastKnownFileType = sourcecode.swift; path = SQLiteDataType.swift; sourceTree = "<group>"; };
		8A235FFD1F34DEAB00969268 /* WebSQLConnection.swift */ = {isa = PBXFileReference; lastKnownFileType = sourcecode.swift; path = WebSQLConnection.swift; sourceTree = "<group>"; };
		8A2360011F34F3AE00969268 /* js-dist */ = {isa = PBXFileReference; lastKnownFileType = folder; path = "js-dist"; sourceTree = SOURCE_ROOT; };
		8A315BF11F50EA3A00BFF5F1 /* ZZZZ_TestEndChecks.swift */ = {isa = PBXFileReference; lastKnownFileType = sourcecode.swift; path = ZZZZ_TestEndChecks.swift; sourceTree = "<group>"; };
		8A35AE8F1F577BFF00E63EF5 /* ServiceWorkerDelegate.swift */ = {isa = PBXFileReference; lastKnownFileType = sourcecode.swift; path = ServiceWorkerDelegate.swift; sourceTree = "<group>"; };
		8A35AE911F5780DE00E63EF5 /* ServiceWorkerGlobalScopeDelegate.swift */ = {isa = PBXFileReference; lastKnownFileType = sourcecode.swift; path = ServiceWorkerGlobalScopeDelegate.swift; sourceTree = "<group>"; };
		8A35AE931F584EBC00E63EF5 /* ServiceWorkerClientsDelegate.swift */ = {isa = PBXFileReference; lastKnownFileType = sourcecode.swift; path = ServiceWorkerClientsDelegate.swift; sourceTree = "<group>"; };
		8A43C17B1F4E3FEC001221C1 /* ClientProtocol.swift */ = {isa = PBXFileReference; lastKnownFileType = sourcecode.swift; path = ClientProtocol.swift; sourceTree = "<group>"; };
		8A43C17D1F4E4102001221C1 /* WorkerClientsProtocol.swift */ = {isa = PBXFileReference; lastKnownFileType = sourcecode.swift; path = WorkerClientsProtocol.swift; sourceTree = "<group>"; };
		8A43C1861F4F29A2001221C1 /* ClientMatchAllOptions.swift */ = {isa = PBXFileReference; lastKnownFileType = sourcecode.swift; path = ClientMatchAllOptions.swift; sourceTree = "<group>"; };
		8A43C1891F4F2C79001221C1 /* Clients.swift */ = {isa = PBXFileReference; lastKnownFileType = sourcecode.swift; path = Clients.swift; sourceTree = "<group>"; };
		8A43C18B1F4F32CD001221C1 /* ClientType.swift */ = {isa = PBXFileReference; lastKnownFileType = sourcecode.swift; path = ClientType.swift; sourceTree = "<group>"; };
		8A43C18D1F4F3391001221C1 /* WindowClientProtocol.swift */ = {isa = PBXFileReference; lastKnownFileType = sourcecode.swift; path = WindowClientProtocol.swift; sourceTree = "<group>"; };
		8A43C18F1F4F346F001221C1 /* Client.swift */ = {isa = PBXFileReference; lastKnownFileType = sourcecode.swift; path = Client.swift; sourceTree = "<group>"; };
		8A43C1911F4F3486001221C1 /* WindowClientVisibilityState.swift */ = {isa = PBXFileReference; lastKnownFileType = sourcecode.swift; path = WindowClientVisibilityState.swift; sourceTree = "<group>"; };
		8A463DEB1F6C207700AA5B26 /* GlobalVariableProvider.swift */ = {isa = PBXFileReference; lastKnownFileType = sourcecode.swift; path = GlobalVariableProvider.swift; sourceTree = "<group>"; };
		8A463DEE1F6C282F00AA5B26 /* PerformanceTests.swift */ = {isa = PBXFileReference; lastKnownFileType = sourcecode.swift; path = PerformanceTests.swift; sourceTree = "<group>"; };
		8A5510761F70294300B6A6A6 /* IndexedDBTests.swift */ = {isa = PBXFileReference; lastKnownFileType = sourcecode.swift; path = IndexedDBTests.swift; sourceTree = "<group>"; };
		8A5B36171F5F48DF009F72AC /* JSArrayBuffer.swift */ = {isa = PBXFileReference; lastKnownFileType = sourcecode.swift; path = JSArrayBuffer.swift; sourceTree = "<group>"; };
		8A5D97F81F3CB532002E521F /* GlobalEventLog.swift */ = {isa = PBXFileReference; lastKnownFileType = sourcecode.swift; path = GlobalEventLog.swift; sourceTree = "<group>"; };
		8A5D980F1F3DF89F002E521F /* PromiseKit.framework */ = {isa = PBXFileReference; lastKnownFileType = wrapper.framework; name = PromiseKit.framework; path = ../Carthage/Build/iOS/PromiseKit.framework; sourceTree = "<group>"; };
		8A5D98121F3DF8C2002E521F /* GCDWebServers.framework */ = {isa = PBXFileReference; lastKnownFileType = wrapper.framework; name = GCDWebServers.framework; path = ../Carthage/Build/iOS/GCDWebServers.framework; sourceTree = "<group>"; };
		8A5D98131F3DF8C2002E521F /* FMDB.framework */ = {isa = PBXFileReference; lastKnownFileType = wrapper.framework; name = FMDB.framework; path = ../Carthage/Build/iOS/FMDB.framework; sourceTree = "<group>"; };
		8A5D98141F3DF8C2002E521F /* Gzip.framework */ = {isa = PBXFileReference; lastKnownFileType = wrapper.framework; name = Gzip.framework; path = ../Carthage/Build/iOS/Gzip.framework; sourceTree = "<group>"; };
		8A653E861F6983B500115228 /* GlobalContextMessingAround.swift */ = {isa = PBXFileReference; lastKnownFileType = sourcecode.swift; path = GlobalContextMessingAround.swift; sourceTree = "<group>"; };
		8A755C0A1F8569B1003720B8 /* EventPromiseExtender.swift */ = {isa = PBXFileReference; lastKnownFileType = sourcecode.swift; path = EventPromiseExtender.swift; sourceTree = "<group>"; };
		8A755C0C1F856B73003720B8 /* FetchEvent.swift */ = {isa = PBXFileReference; lastKnownFileType = sourcecode.swift; path = FetchEvent.swift; sourceTree = "<group>"; };
		8A755C0E1F856BD0003720B8 /* FetchEventTests.swift */ = {isa = PBXFileReference; lastKnownFileType = sourcecode.swift; path = FetchEventTests.swift; sourceTree = "<group>"; };
		8A755C121F858399003720B8 /* URLSearchParams.swift */ = {isa = PBXFileReference; lastKnownFileType = sourcecode.swift; path = URLSearchParams.swift; sourceTree = "<group>"; };
		8A8C3A1E1F4F3DED00EDA645 /* WindowClient.swift */ = {isa = PBXFileReference; lastKnownFileType = sourcecode.swift; path = WindowClient.swift; sourceTree = "<group>"; };
		8A8C3A211F4F47C600EDA645 /* ClientsTests.swift */ = {isa = PBXFileReference; lastKnownFileType = sourcecode.swift; path = ClientsTests.swift; sourceTree = "<group>"; };
		8A9831C01F60C5D100ED23F0 /* FetchSession.swift */ = {isa = PBXFileReference; lastKnownFileType = sourcecode.swift; path = FetchSession.swift; sourceTree = "<group>"; };
		8A9831C21F60C9D300ED23F0 /* FetchResponse.swift */ = {isa = PBXFileReference; lastKnownFileType = sourcecode.swift; path = FetchResponse.swift; sourceTree = "<group>"; };
		8AB834621F6223EC00733F42 /* FetchCORSRestrictions.swift */ = {isa = PBXFileReference; lastKnownFileType = sourcecode.swift; path = FetchCORSRestrictions.swift; sourceTree = "<group>"; };
		8AC754681F3122FE00C6B70A /* ServiceWorker.framework */ = {isa = PBXFileReference; explicitFileType = wrapper.framework; includeInIndex = 0; path = ServiceWorker.framework; sourceTree = BUILT_PRODUCTS_DIR; };
		8AC7546B1F3122FE00C6B70A /* ServiceWorker.h */ = {isa = PBXFileReference; lastKnownFileType = sourcecode.c.h; path = ServiceWorker.h; sourceTree = "<group>"; };
		8AC7546C1F3122FE00C6B70A /* Info.plist */ = {isa = PBXFileReference; lastKnownFileType = text.plist.xml; path = Info.plist; sourceTree = "<group>"; };
		8AC754711F3122FE00C6B70A /* ServiceWorkerTests.xctest */ = {isa = PBXFileReference; explicitFileType = wrapper.cfbundle; includeInIndex = 0; path = ServiceWorkerTests.xctest; sourceTree = BUILT_PRODUCTS_DIR; };
		8AC754761F3122FE00C6B70A /* ServiceWorkerTests.swift */ = {isa = PBXFileReference; lastKnownFileType = sourcecode.swift; path = ServiceWorkerTests.swift; sourceTree = "<group>"; };
		8AC754781F3122FE00C6B70A /* Info.plist */ = {isa = PBXFileReference; lastKnownFileType = text.plist.xml; path = Info.plist; sourceTree = "<group>"; };
		8AC754951F31235200C6B70A /* ServiceWorkerRegistrationProtocol.swift */ = {isa = PBXFileReference; lastKnownFileType = sourcecode.swift; path = ServiceWorkerRegistrationProtocol.swift; sourceTree = "<group>"; };
		8AC754961F31235200C6B70A /* ServiceWorkerInstallState.swift */ = {isa = PBXFileReference; lastKnownFileType = sourcecode.swift; path = ServiceWorkerInstallState.swift; sourceTree = "<group>"; };
		8AC754981F31235200C6B70A /* Event.swift */ = {isa = PBXFileReference; lastKnownFileType = sourcecode.swift; path = Event.swift; sourceTree = "<group>"; };
		8AC754991F31235200C6B70A /* EventTarget.swift */ = {isa = PBXFileReference; lastKnownFileType = sourcecode.swift; path = EventTarget.swift; sourceTree = "<group>"; };
		8AC7549A1F31235200C6B70A /* ExtendableEvent.swift */ = {isa = PBXFileReference; lastKnownFileType = sourcecode.swift; path = ExtendableEvent.swift; sourceTree = "<group>"; };
		8AC7549C1F31235200C6B70A /* JSPromise.swift */ = {isa = PBXFileReference; lastKnownFileType = sourcecode.swift; path = JSPromise.swift; sourceTree = "<group>"; };
		8AC7549D1F31235200C6B70A /* PromiseToJSPromise.swift */ = {isa = PBXFileReference; lastKnownFileType = sourcecode.swift; path = PromiseToJSPromise.swift; sourceTree = "<group>"; };
		8AC7549E1F31235200C6B70A /* TimeoutManager.swift */ = {isa = PBXFileReference; lastKnownFileType = sourcecode.swift; path = TimeoutManager.swift; sourceTree = "<group>"; };
		8AC754A81F31235200C6B70A /* FetchHeaders.swift */ = {isa = PBXFileReference; lastKnownFileType = sourcecode.swift; path = FetchHeaders.swift; sourceTree = "<group>"; };
		8AC754AA1F31235200C6B70A /* FetchRequest.swift */ = {isa = PBXFileReference; lastKnownFileType = sourcecode.swift; path = FetchRequest.swift; sourceTree = "<group>"; };
		8AC754AC1F31235200C6B70A /* HttpStatusCodes.swift */ = {isa = PBXFileReference; lastKnownFileType = sourcecode.swift; path = HttpStatusCodes.swift; sourceTree = "<group>"; };
		8AC754AF1F31235200C6B70A /* BasicResponse.swift */ = {isa = PBXFileReference; lastKnownFileType = sourcecode.swift; path = BasicResponse.swift; sourceTree = "<group>"; };
		8AC754B01F31235200C6B70A /* CORSResponse.swift */ = {isa = PBXFileReference; lastKnownFileType = sourcecode.swift; path = CORSResponse.swift; sourceTree = "<group>"; };
		8AC754B11F31235200C6B70A /* FetchResponseProtocol.swift */ = {isa = PBXFileReference; lastKnownFileType = sourcecode.swift; path = FetchResponseProtocol.swift; sourceTree = "<group>"; };
		8AC754B21F31235200C6B70A /* FetchResponseProxy.swift */ = {isa = PBXFileReference; lastKnownFileType = sourcecode.swift; path = FetchResponseProxy.swift; sourceTree = "<group>"; };
		8AC754B31F31235200C6B70A /* OpaqueResponse.swift */ = {isa = PBXFileReference; lastKnownFileType = sourcecode.swift; path = OpaqueResponse.swift; sourceTree = "<group>"; };
		8AC754B41F31235200C6B70A /* ResponseType.swift */ = {isa = PBXFileReference; lastKnownFileType = sourcecode.swift; path = ResponseType.swift; sourceTree = "<group>"; };
		8AC754C01F31235200C6B70A /* ServiceWorkerExecutionEnvironment.swift */ = {isa = PBXFileReference; lastKnownFileType = sourcecode.swift; path = ServiceWorkerExecutionEnvironment.swift; sourceTree = "<group>"; };
		8AC754C71F31235200C6B70A /* ServiceWorker.swift */ = {isa = PBXFileReference; lastKnownFileType = sourcecode.swift; path = ServiceWorker.swift; sourceTree = "<group>"; };
		8AC754C91F31235200C6B70A /* ConsoleMirror.swift */ = {isa = PBXFileReference; lastKnownFileType = sourcecode.swift; path = ConsoleMirror.swift; sourceTree = "<group>"; };
		8AC754CA1F31235200C6B70A /* ServiceWorkerGlobalScope.swift */ = {isa = PBXFileReference; lastKnownFileType = sourcecode.swift; path = ServiceWorkerGlobalScope.swift; sourceTree = "<group>"; };
		8AC754F31F31292800C6B70A /* ErrorMessage.swift */ = {isa = PBXFileReference; lastKnownFileType = sourcecode.swift; path = ErrorMessage.swift; sourceTree = "<group>"; };
		8AC754F51F31293C00C6B70A /* SharedLogInterface.swift */ = {isa = PBXFileReference; lastKnownFileType = sourcecode.swift; path = SharedLogInterface.swift; sourceTree = "<group>"; };
		8AC754F81F312A1200C6B70A /* FetchHeadersTests.swift */ = {isa = PBXFileReference; lastKnownFileType = sourcecode.swift; path = FetchHeadersTests.swift; sourceTree = "<group>"; };
		8AC754F91F312A1200C6B70A /* FetchOperation.swift */ = {isa = PBXFileReference; lastKnownFileType = sourcecode.swift; path = FetchOperation.swift; sourceTree = "<group>"; };
		8AC754FA1F312A1200C6B70A /* FetchOperationCORS.swift */ = {isa = PBXFileReference; lastKnownFileType = sourcecode.swift; path = FetchOperationCORS.swift; sourceTree = "<group>"; };
		8AC754FB1F312A1200C6B70A /* FetchResponse.swift */ = {isa = PBXFileReference; lastKnownFileType = sourcecode.swift; path = FetchResponse.swift; sourceTree = "<group>"; };
		8AC754FD1F312A1200C6B70A /* JSPromise.swift */ = {isa = PBXFileReference; lastKnownFileType = sourcecode.swift; path = JSPromise.swift; sourceTree = "<group>"; };
		8AC754FF1F312A1200C6B70A /* ConsoleMirrorTests.swift */ = {isa = PBXFileReference; lastKnownFileType = sourcecode.swift; path = ConsoleMirrorTests.swift; sourceTree = "<group>"; };
		8AC755001F312A1200C6B70A /* ExecutionTests.swift */ = {isa = PBXFileReference; lastKnownFileType = sourcecode.swift; path = ExecutionTests.swift; sourceTree = "<group>"; };
		8AC755011F312A1200C6B70A /* GlobalScopeTests.swift */ = {isa = PBXFileReference; lastKnownFileType = sourcecode.swift; path = GlobalScopeTests.swift; sourceTree = "<group>"; };
		8AC755021F312A1200C6B70A /* ImportScriptsTests.swift */ = {isa = PBXFileReference; lastKnownFileType = sourcecode.swift; path = ImportScriptsTests.swift; sourceTree = "<group>"; };
		8AC755031F312A1200C6B70A /* Bootstrap.swift */ = {isa = PBXFileReference; lastKnownFileType = sourcecode.swift; path = Bootstrap.swift; sourceTree = "<group>"; };
		8AC755051F312A1200C6B70A /* Migrate.swift */ = {isa = PBXFileReference; lastKnownFileType = sourcecode.swift; path = Migrate.swift; sourceTree = "<group>"; };
		8AC7550D1F312A1200C6B70A /* EventTargetTests.swift */ = {isa = PBXFileReference; lastKnownFileType = sourcecode.swift; path = EventTargetTests.swift; sourceTree = "<group>"; };
		8AC7550E1F312A1200C6B70A /* ExtendableEventTests.swift */ = {isa = PBXFileReference; lastKnownFileType = sourcecode.swift; path = ExtendableEventTests.swift; sourceTree = "<group>"; };
		8AC755241F32403100C6B70A /* PromiseAssert.swift */ = {isa = PBXFileReference; lastKnownFileType = sourcecode.swift; path = PromiseAssert.swift; sourceTree = "<group>"; };
		8AC755251F32403100C6B70A /* ServiceWorkerExtensions.swift */ = {isa = PBXFileReference; lastKnownFileType = sourcecode.swift; path = ServiceWorkerExtensions.swift; sourceTree = "<group>"; };
		8AC755261F32403100C6B70A /* TestWeb.swift */ = {isa = PBXFileReference; lastKnownFileType = sourcecode.swift; path = TestWeb.swift; sourceTree = "<group>"; };
		8AC7552B1F3240B200C6B70A /* Migration.swift */ = {isa = PBXFileReference; lastKnownFileType = sourcecode.swift; path = Migration.swift; sourceTree = "<group>"; };
		8AC7552D1F3240B200C6B70A /* SQLiteBlobReadStream.swift */ = {isa = PBXFileReference; lastKnownFileType = sourcecode.swift; path = SQLiteBlobReadStream.swift; sourceTree = "<group>"; };
		8AC7552F1F3240B200C6B70A /* SQLiteBlobWriteStream.swift */ = {isa = PBXFileReference; lastKnownFileType = sourcecode.swift; path = SQLiteBlobWriteStream.swift; sourceTree = "<group>"; };
		8AC755301F3240B200C6B70A /* SQLiteConnection.swift */ = {isa = PBXFileReference; lastKnownFileType = sourcecode.swift; path = SQLiteConnection.swift; sourceTree = "<group>"; };
		8AC755311F3240B200C6B70A /* SQLiteResultSet.swift */ = {isa = PBXFileReference; lastKnownFileType = sourcecode.swift; path = SQLiteResultSet.swift; sourceTree = "<group>"; };
		8AC755411F325CD100C6B70A /* WebSQLDatabase.swift */ = {isa = PBXFileReference; lastKnownFileType = sourcecode.swift; path = WebSQLDatabase.swift; sourceTree = "<group>"; };
		8ACCD72A1F50719300F444B6 /* FetchRequestTests.swift */ = {isa = PBXFileReference; lastKnownFileType = sourcecode.swift; path = FetchRequestTests.swift; sourceTree = "<group>"; };
		8ACCD72C1F50755B00F444B6 /* LocationBase.swift */ = {isa = PBXFileReference; lastKnownFileType = sourcecode.swift; path = LocationBase.swift; sourceTree = "<group>"; };
		8ACCD72F1F507E9600F444B6 /* JSURL.swift */ = {isa = PBXFileReference; lastKnownFileType = sourcecode.swift; path = JSURL.swift; sourceTree = "<group>"; };
		8ACCD7311F50828A00F444B6 /* URLTests.swift */ = {isa = PBXFileReference; lastKnownFileType = sourcecode.swift; path = URLTests.swift; sourceTree = "<group>"; };
		8ACCD7331F50936600F444B6 /* WorkerLocation.swift */ = {isa = PBXFileReference; lastKnownFileType = sourcecode.swift; path = WorkerLocation.swift; sourceTree = "<group>"; };
		8AD140FA1F70401800ED2D2C /* WebSQLResultRows.swift */ = {isa = PBXFileReference; lastKnownFileType = sourcecode.swift; path = WebSQLResultRows.swift; sourceTree = "<group>"; };
		8AD140FC1F705A1100ED2D2C /* TimeoutTests.swift */ = {isa = PBXFileReference; lastKnownFileType = sourcecode.swift; path = TimeoutTests.swift; sourceTree = "<group>"; };
		8AD141021F7168CB00ED2D2C /* MessagePort.swift */ = {isa = PBXFileReference; lastKnownFileType = sourcecode.swift; path = MessagePort.swift; sourceTree = "<group>"; };
		8AD141041F71698900ED2D2C /* Transferable.swift */ = {isa = PBXFileReference; lastKnownFileType = sourcecode.swift; path = Transferable.swift; sourceTree = "<group>"; };
		8AD141061F716AEB00ED2D2C /* ExtendableMessageEvent.swift */ = {isa = PBXFileReference; lastKnownFileType = sourcecode.swift; path = ExtendableMessageEvent.swift; sourceTree = "<group>"; };
		8AD141081F716C3800ED2D2C /* EventListenerProtocol.swift */ = {isa = PBXFileReference; lastKnownFileType = sourcecode.swift; path = EventListenerProtocol.swift; sourceTree = "<group>"; };
		8AD1410A1F716CA800ED2D2C /* JSEventListener.swift */ = {isa = PBXFileReference; lastKnownFileType = sourcecode.swift; path = JSEventListener.swift; sourceTree = "<group>"; };
		8AD1410C1F716E9A00ED2D2C /* SwiftEventListener.swift */ = {isa = PBXFileReference; lastKnownFileType = sourcecode.swift; path = SwiftEventListener.swift; sourceTree = "<group>"; };
		8AD1410F1F71739E00ED2D2C /* MessagePortTests.swift */ = {isa = PBXFileReference; lastKnownFileType = sourcecode.swift; path = MessagePortTests.swift; sourceTree = "<group>"; };
		8AEBD3071F7D480C00AF1A21 /* StreamPipe.swift */ = {isa = PBXFileReference; lastKnownFileType = sourcecode.swift; path = StreamPipe.swift; sourceTree = "<group>"; };
		8AEBD3091F7D50E500AF1A21 /* SQLiteBlobStreamPointer.swift */ = {isa = PBXFileReference; lastKnownFileType = sourcecode.swift; path = SQLiteBlobStreamPointer.swift; sourceTree = "<group>"; };
		8AEBD30D1F7D624600AF1A21 /* StreamPipeTests.swift */ = {isa = PBXFileReference; lastKnownFileType = sourcecode.swift; path = StreamPipeTests.swift; sourceTree = "<group>"; };
		8AEBD30F1F7DD42800AF1A21 /* JSArrayBufferStream.swift */ = {isa = PBXFileReference; lastKnownFileType = sourcecode.swift; path = JSArrayBufferStream.swift; sourceTree = "<group>"; };
		8AEBD3111F7EA1E700AF1A21 /* InputStreamImplementation.swift */ = {isa = PBXFileReference; lastKnownFileType = sourcecode.swift; path = InputStreamImplementation.swift; sourceTree = "<group>"; };
		8AEBD3131F7EA8C800AF1A21 /* OutputStreamImplementation.swift */ = {isa = PBXFileReference; lastKnownFileType = sourcecode.swift; path = OutputStreamImplementation.swift; sourceTree = "<group>"; };
		8AF48A5D1F7C00CD0036537B /* ConstructableFetchResponse.swift */ = {isa = PBXFileReference; lastKnownFileType = sourcecode.swift; path = ConstructableFetchResponse.swift; sourceTree = "<group>"; };
		8AF48A5F1F7C06E90036537B /* ConstructableFetchResponseTests.swift */ = {isa = PBXFileReference; lastKnownFileType = sourcecode.swift; path = ConstructableFetchResponseTests.swift; sourceTree = "<group>"; };
/* End PBXFileReference section */

/* Begin PBXFrameworksBuildPhase section */
		8AC754641F3122FE00C6B70A /* Frameworks */ = {
			isa = PBXFrameworksBuildPhase;
			buildActionMask = 2147483647;
			files = (
				8A9831C41F618DAE00ED23F0 /* PromiseKit.framework in Frameworks */,
			);
			runOnlyForDeploymentPostprocessing = 0;
		};
		8AC7546E1F3122FE00C6B70A /* Frameworks */ = {
			isa = PBXFrameworksBuildPhase;
			buildActionMask = 2147483647;
			files = (
				8A5D98151F3DF8C2002E521F /* GCDWebServers.framework in Frameworks */,
				8A5D98161F3DF8C2002E521F /* FMDB.framework in Frameworks */,
				8A5D98171F3DF8C2002E521F /* Gzip.framework in Frameworks */,
				8A5D98111F3DF8C2002E521F /* PromiseKit.framework in Frameworks */,
				8AC754721F3122FE00C6B70A /* ServiceWorker.framework in Frameworks */,
			);
			runOnlyForDeploymentPostprocessing = 0;
		};
/* End PBXFrameworksBuildPhase section */

/* Begin PBXGroup section */
		8A181AA91F755C34005CED14 /* Cache */ = {
			isa = PBXGroup;
			children = (
				8A181AAA1F755C7A005CED14 /* Cache.swift */,
				8A181AAC1F755D2E005CED14 /* CacheMatchOptions.swift */,
				8A181AAE1F755FCF005CED14 /* CacheStorage.swift */,
				8A181AB01F756228005CED14 /* CacheStorageProviderDelegate.swift */,
			);
			path = Cache;
			sourceTree = "<group>";
		};
		8A181AB81F756B7A005CED14 /* Cache */ = {
			isa = PBXGroup;
			children = (
				8A181AB91F756B86005CED14 /* CacheTests.swift */,
			);
			path = Cache;
			sourceTree = "<group>";
		};
		8A235FFA1F34DE8500969268 /* WebSQL */ = {
			isa = PBXGroup;
			children = (
				8A235FFD1F34DEAB00969268 /* WebSQLConnection.swift */,
			);
			path = WebSQL;
			sourceTree = "<group>";
		};
		8A43C1841F4F2979001221C1 /* Registration */ = {
			isa = PBXGroup;
			children = (
				8AC754951F31235200C6B70A /* ServiceWorkerRegistrationProtocol.swift */,
			);
			path = Registration;
			sourceTree = "<group>";
		};
		8A43C1851F4F2985001221C1 /* Clients */ = {
			isa = PBXGroup;
			children = (
				8A35AE931F584EBC00E63EF5 /* ServiceWorkerClientsDelegate.swift */,
				8A43C17B1F4E3FEC001221C1 /* ClientProtocol.swift */,
				8A43C17D1F4E4102001221C1 /* WorkerClientsProtocol.swift */,
				8A43C18B1F4F32CD001221C1 /* ClientType.swift */,
				8A43C18D1F4F3391001221C1 /* WindowClientProtocol.swift */,
				8A43C1911F4F3486001221C1 /* WindowClientVisibilityState.swift */,
				8A43C1861F4F29A2001221C1 /* ClientMatchAllOptions.swift */,
			);
			path = Clients;
			sourceTree = "<group>";
		};
		8A43C1881F4F2C60001221C1 /* Clients */ = {
			isa = PBXGroup;
			children = (
				8A43C1891F4F2C79001221C1 /* Clients.swift */,
				8A43C18F1F4F346F001221C1 /* Client.swift */,
				8A8C3A1E1F4F3DED00EDA645 /* WindowClient.swift */,
			);
			path = Clients;
			sourceTree = "<group>";
		};
		8A5510751F70292900B6A6A6 /* IndexedDB */ = {
			isa = PBXGroup;
			children = (
				8A5510761F70294300B6A6A6 /* IndexedDBTests.swift */,
			);
			path = IndexedDB;
			sourceTree = "<group>";
		};
		8A5D97F71F3CB50B002E521F /* GlobalEventLog */ = {
			isa = PBXGroup;
			children = (
				8A5D97F81F3CB532002E521F /* GlobalEventLog.swift */,
			);
			path = GlobalEventLog;
			sourceTree = "<group>";
		};
		8A8C3A201F4F470A00EDA645 /* Clients */ = {
			isa = PBXGroup;
			children = (
				8A8C3A211F4F47C600EDA645 /* ClientsTests.swift */,
			);
			path = Clients;
			sourceTree = "<group>";
		};
		8AC7545E1F3122FE00C6B70A = {
			isa = PBXGroup;
			children = (
				8AC7546A1F3122FE00C6B70A /* ServiceWorker */,
				8AC754751F3122FE00C6B70A /* ServiceWorkerTests */,
				8AC754691F3122FE00C6B70A /* Products */,
				8AC754EF1F31272000C6B70A /* Frameworks */,
			);
			sourceTree = "<group>";
		};
		8AC754691F3122FE00C6B70A /* Products */ = {
			isa = PBXGroup;
			children = (
				8AC754681F3122FE00C6B70A /* ServiceWorker.framework */,
				8AC754711F3122FE00C6B70A /* ServiceWorkerTests.xctest */,
			);
			name = Products;
			sourceTree = "<group>";
		};
		8AC7546A1F3122FE00C6B70A /* ServiceWorker */ = {
			isa = PBXGroup;
			children = (
				8AD141011F7168B700ED2D2C /* Messaging */,
				8AD141001F7167FD00ED2D2C /* ExecutionEnvironment */,
				8A5D97F71F3CB50B002E521F /* GlobalEventLog */,
				8A2360011F34F3AE00969268 /* js-dist */,
				8AC755401F325CAC00C6B70A /* WebSQL */,
				8AC7552A1F3240B200C6B70A /* DatabaseMigration */,
				8AC7552C1F3240B200C6B70A /* SQLite */,
				8AC754F21F31291F00C6B70A /* Util */,
				8AC754971F31235200C6B70A /* Events */,
				8AC754A71F31235200C6B70A /* Fetch */,
				8AC754C81F31235200C6B70A /* GlobalScope */,
				8AC7546C1F3122FE00C6B70A /* Info.plist */,
				8AC754921F31235200C6B70A /* Interop */,
				8AC7549B1F31235200C6B70A /* JS */,
				8AC7546B1F3122FE00C6B70A /* ServiceWorker.h */,
				8AC754C71F31235200C6B70A /* ServiceWorker.swift */,
				8AC754961F31235200C6B70A /* ServiceWorkerInstallState.swift */,
				8AC754C11F31235200C6B70A /* Stream */,
			);
			path = ServiceWorker;
			sourceTree = "<group>";
		};
		8AC754751F3122FE00C6B70A /* ServiceWorkerTests */ = {
			isa = PBXGroup;
			children = (
				8A181AB81F756B7A005CED14 /* Cache */,
				8AD1410E1F71738900ED2D2C /* Messaging */,
				8A5510751F70292900B6A6A6 /* IndexedDB */,
				8A8C3A201F4F470A00EDA645 /* Clients */,
				8A235FFA1F34DE8500969268 /* WebSQL */,
				8A235FF31F34C62100969268 /* SQLiteTests.swift */,
				8AC755231F32403100C6B70A /* TestUtilities */,
				8AC754FC1F312A1200C6B70A /* JS */,
				8AC755081F312A1200C6B70A /* Stream */,
				8AC754761F3122FE00C6B70A /* ServiceWorkerTests.swift */,
				8AC755031F312A1200C6B70A /* Bootstrap.swift */,
				8AC755041F312A1200C6B70A /* DatabaseMigration */,
				8AC7550C1F312A1200C6B70A /* Events */,
				8AC754F71F312A1200C6B70A /* Fetch */,
				8AC754FE1F312A1200C6B70A /* GlobalScope */,
				8AC754781F3122FE00C6B70A /* Info.plist */,
				8A315BF11F50EA3A00BFF5F1 /* ZZZZ_TestEndChecks.swift */,
				8A463DEE1F6C282F00AA5B26 /* PerformanceTests.swift */,
			);
			path = ServiceWorkerTests;
			sourceTree = "<group>";
		};
		8AC754921F31235200C6B70A /* Interop */ = {
			isa = PBXGroup;
			children = (
				8A181AA91F755C34005CED14 /* Cache */,
				8A43C1851F4F2985001221C1 /* Clients */,
				8A43C1841F4F2979001221C1 /* Registration */,
				8A35AE8F1F577BFF00E63EF5 /* ServiceWorkerDelegate.swift */,
			);
			path = Interop;
			sourceTree = "<group>";
		};
		8AC754971F31235200C6B70A /* Events */ = {
			isa = PBXGroup;
			children = (
				8AC754981F31235200C6B70A /* Event.swift */,
				8AC754991F31235200C6B70A /* EventTarget.swift */,
				8AC7549A1F31235200C6B70A /* ExtendableEvent.swift */,
				8AD141081F716C3800ED2D2C /* EventListenerProtocol.swift */,
				8AD1410A1F716CA800ED2D2C /* JSEventListener.swift */,
				8AD1410C1F716E9A00ED2D2C /* SwiftEventListener.swift */,
				8A755C0A1F8569B1003720B8 /* EventPromiseExtender.swift */,
				8A755C0C1F856B73003720B8 /* FetchEvent.swift */,
			);
			path = Events;
			sourceTree = "<group>";
		};
		8AC7549B1F31235200C6B70A /* JS */ = {
			isa = PBXGroup;
			children = (
				8AC7549C1F31235200C6B70A /* JSPromise.swift */,
				8AC7549D1F31235200C6B70A /* PromiseToJSPromise.swift */,
				8A5B36171F5F48DF009F72AC /* JSArrayBuffer.swift */,
				8A463DEB1F6C207700AA5B26 /* GlobalVariableProvider.swift */,
				8AEBD30F1F7DD42800AF1A21 /* JSArrayBufferStream.swift */,
			);
			path = JS;
			sourceTree = "<group>";
		};
		8AC754A71F31235200C6B70A /* Fetch */ = {
			isa = PBXGroup;
			children = (
				8AC754A81F31235200C6B70A /* FetchHeaders.swift */,
				8AC754AA1F31235200C6B70A /* FetchRequest.swift */,
				8AC754AC1F31235200C6B70A /* HttpStatusCodes.swift */,
				8AC754AE1F31235200C6B70A /* Response */,
				8A9831C01F60C5D100ED23F0 /* FetchSession.swift */,
				8A9831C21F60C9D300ED23F0 /* FetchResponse.swift */,
				8AB834621F6223EC00733F42 /* FetchCORSRestrictions.swift */,
				8A1D939C1F632821003CD121 /* FetchTask.swift */,
			);
			path = Fetch;
			sourceTree = "<group>";
		};
		8AC754AE1F31235200C6B70A /* Response */ = {
			isa = PBXGroup;
			children = (
				8AC754AF1F31235200C6B70A /* BasicResponse.swift */,
				8AC754B01F31235200C6B70A /* CORSResponse.swift */,
				8AC754B11F31235200C6B70A /* FetchResponseProtocol.swift */,
				8AC754B21F31235200C6B70A /* FetchResponseProxy.swift */,
				8AC754B31F31235200C6B70A /* OpaqueResponse.swift */,
				8AC754B41F31235200C6B70A /* ResponseType.swift */,
				8AF48A5D1F7C00CD0036537B /* ConstructableFetchResponse.swift */,
			);
			path = Response;
			sourceTree = "<group>";
		};
		8AC754C11F31235200C6B70A /* Stream */ = {
			isa = PBXGroup;
			children = (
				8AEBD3071F7D480C00AF1A21 /* StreamPipe.swift */,
				8AEBD3111F7EA1E700AF1A21 /* InputStreamImplementation.swift */,
				8AEBD3131F7EA8C800AF1A21 /* OutputStreamImplementation.swift */,
				8A177BDA1F7EC2730097CA3D /* PassthroughStream.swift */,
			);
			path = Stream;
			sourceTree = "<group>";
		};
		8AC754C81F31235200C6B70A /* GlobalScope */ = {
			isa = PBXGroup;
			children = (
				8ACCD72E1F507E8500F444B6 /* Location */,
				8A43C1881F4F2C60001221C1 /* Clients */,
				8AC754CA1F31235200C6B70A /* ServiceWorkerGlobalScope.swift */,
				8A35AE911F5780DE00E63EF5 /* ServiceWorkerGlobalScopeDelegate.swift */,
			);
			path = GlobalScope;
			sourceTree = "<group>";
		};
		8AC754EF1F31272000C6B70A /* Frameworks */ = {
			isa = PBXGroup;
			children = (
				8A5D98131F3DF8C2002E521F /* FMDB.framework */,
				8A5D98121F3DF8C2002E521F /* GCDWebServers.framework */,
				8A5D98141F3DF8C2002E521F /* Gzip.framework */,
				8A5D980F1F3DF89F002E521F /* PromiseKit.framework */,
			);
			name = Frameworks;
			sourceTree = "<group>";
		};
		8AC754F21F31291F00C6B70A /* Util */ = {
			isa = PBXGroup;
			children = (
				8AC754F31F31292800C6B70A /* ErrorMessage.swift */,
				8AC754F51F31293C00C6B70A /* SharedLogInterface.swift */,
			);
			path = Util;
			sourceTree = "<group>";
		};
		8AC754F71F312A1200C6B70A /* Fetch */ = {
			isa = PBXGroup;
			children = (
				8AC754F81F312A1200C6B70A /* FetchHeadersTests.swift */,
				8AC754F91F312A1200C6B70A /* FetchOperation.swift */,
				8AC754FA1F312A1200C6B70A /* FetchOperationCORS.swift */,
				8AC754FB1F312A1200C6B70A /* FetchResponse.swift */,
				8ACCD72A1F50719300F444B6 /* FetchRequestTests.swift */,
				8AF48A5F1F7C06E90036537B /* ConstructableFetchResponseTests.swift */,
				8A177BEB1F7EF37E0097CA3D /* FetchPerformance.swift */,
			);
			path = Fetch;
			sourceTree = "<group>";
		};
		8AC754FC1F312A1200C6B70A /* JS */ = {
			isa = PBXGroup;
			children = (
				8AC754FD1F312A1200C6B70A /* JSPromise.swift */,
			);
			path = JS;
			sourceTree = "<group>";
		};
		8AC754FE1F312A1200C6B70A /* GlobalScope */ = {
			isa = PBXGroup;
			children = (
				8AC754FF1F312A1200C6B70A /* ConsoleMirrorTests.swift */,
				8AC755001F312A1200C6B70A /* ExecutionTests.swift */,
				8AC755011F312A1200C6B70A /* GlobalScopeTests.swift */,
				8AC755021F312A1200C6B70A /* ImportScriptsTests.swift */,
				8ACCD7311F50828A00F444B6 /* URLTests.swift */,
				8AD140FC1F705A1100ED2D2C /* TimeoutTests.swift */,
			);
			path = GlobalScope;
			sourceTree = "<group>";
		};
		8AC755041F312A1200C6B70A /* DatabaseMigration */ = {
			isa = PBXGroup;
			children = (
				8AC755051F312A1200C6B70A /* Migrate.swift */,
			);
			path = DatabaseMigration;
			sourceTree = "<group>";
		};
		8AC755081F312A1200C6B70A /* Stream */ = {
			isa = PBXGroup;
			children = (
				8AEBD30D1F7D624600AF1A21 /* StreamPipeTests.swift */,
				8A177BDC1F7EC8D00097CA3D /* PassthroughStream.swift */,
			);
			path = Stream;
			sourceTree = "<group>";
		};
		8AC7550C1F312A1200C6B70A /* Events */ = {
			isa = PBXGroup;
			children = (
				8AC7550D1F312A1200C6B70A /* EventTargetTests.swift */,
				8AC7550E1F312A1200C6B70A /* ExtendableEventTests.swift */,
				8A755C0E1F856BD0003720B8 /* FetchEventTests.swift */,
			);
			path = Events;
			sourceTree = "<group>";
		};
		8AC755231F32403100C6B70A /* TestUtilities */ = {
			isa = PBXGroup;
			children = (
				8AC755241F32403100C6B70A /* PromiseAssert.swift */,
				8AC755251F32403100C6B70A /* ServiceWorkerExtensions.swift */,
				8AC755261F32403100C6B70A /* TestWeb.swift */,
				8A653E861F6983B500115228 /* GlobalContextMessingAround.swift */,
			);
			name = TestUtilities;
			path = ../../TestUtilities;
			sourceTree = "<group>";
		};
		8AC7552A1F3240B200C6B70A /* DatabaseMigration */ = {
			isa = PBXGroup;
			children = (
				8AC7552B1F3240B200C6B70A /* Migration.swift */,
			);
			path = DatabaseMigration;
			sourceTree = "<group>";
		};
		8AC7552C1F3240B200C6B70A /* SQLite */ = {
			isa = PBXGroup;
			children = (
				8AC7552D1F3240B200C6B70A /* SQLiteBlobReadStream.swift */,
				8AC7552F1F3240B200C6B70A /* SQLiteBlobWriteStream.swift */,
				8AC755301F3240B200C6B70A /* SQLiteConnection.swift */,
				8AC755311F3240B200C6B70A /* SQLiteResultSet.swift */,
				8A235FF81F34D0D300969268 /* SQLiteDataType.swift */,
				8AEBD3091F7D50E500AF1A21 /* SQLiteBlobStreamPointer.swift */,
			);
			path = SQLite;
			sourceTree = "<group>";
		};
		8AC755401F325CAC00C6B70A /* WebSQL */ = {
			isa = PBXGroup;
			children = (
				8AC755411F325CD100C6B70A /* WebSQLDatabase.swift */,
				8A2264AB1F33BCDA00B48902 /* WebSQLTransaction.swift */,
				8A2264AD1F33C6C700B48902 /* WebSQLResultSet.swift */,
				8AD140FA1F70401800ED2D2C /* WebSQLResultRows.swift */,
			);
			path = WebSQL;
			sourceTree = "<group>";
		};
		8ACCD72E1F507E8500F444B6 /* Location */ = {
			isa = PBXGroup;
			children = (
				8ACCD72C1F50755B00F444B6 /* LocationBase.swift */,
				8ACCD72F1F507E9600F444B6 /* JSURL.swift */,
				8ACCD7331F50936600F444B6 /* WorkerLocation.swift */,
				8A755C121F858399003720B8 /* URLSearchParams.swift */,
			);
			path = Location;
			sourceTree = "<group>";
		};
		8AD141001F7167FD00ED2D2C /* ExecutionEnvironment */ = {
			isa = PBXGroup;
			children = (
				8AC7549E1F31235200C6B70A /* TimeoutManager.swift */,
				8AC754C01F31235200C6B70A /* ServiceWorkerExecutionEnvironment.swift */,
				8AC754C91F31235200C6B70A /* ConsoleMirror.swift */,
			);
			path = ExecutionEnvironment;
			sourceTree = "<group>";
		};
		8AD141011F7168B700ED2D2C /* Messaging */ = {
			isa = PBXGroup;
			children = (
				8AD141021F7168CB00ED2D2C /* MessagePort.swift */,
				8AD141041F71698900ED2D2C /* Transferable.swift */,
				8AD141061F716AEB00ED2D2C /* ExtendableMessageEvent.swift */,
				8A181A931F717C5C005CED14 /* MessageChannel.swift */,
				8A181A9F1F71BA05005CED14 /* MessagePortTarget.swift */,
			);
			path = Messaging;
			sourceTree = "<group>";
		};
		8AD1410E1F71738900ED2D2C /* Messaging */ = {
			isa = PBXGroup;
			children = (
				8AD1410F1F71739E00ED2D2C /* MessagePortTests.swift */,
				8A181A951F717D19005CED14 /* MessageChannelTests.swift */,
			);
			path = Messaging;
			sourceTree = "<group>";
		};
/* End PBXGroup section */

/* Begin PBXHeadersBuildPhase section */
		8AC754651F3122FE00C6B70A /* Headers */ = {
			isa = PBXHeadersBuildPhase;
			buildActionMask = 2147483647;
			files = (
				8AC754791F3122FE00C6B70A /* ServiceWorker.h in Headers */,
				8AC754CD1F31235300C6B70A /* ServiceWorkerInstallState.swift in Headers */,
				8AC754CB1F31235300C6B70A /* ServiceWorker.swift in Headers */,
				8AC754CC1F31235300C6B70A /* ServiceWorkerExecutionEnvironment.swift in Headers */,
			);
			runOnlyForDeploymentPostprocessing = 0;
		};
/* End PBXHeadersBuildPhase section */

/* Begin PBXNativeTarget section */
		8AC754671F3122FE00C6B70A /* ServiceWorker */ = {
			isa = PBXNativeTarget;
			buildConfigurationList = 8AC7547C1F3122FE00C6B70A /* Build configuration list for PBXNativeTarget "ServiceWorker" */;
			buildPhases = (
				8A35AEA41F59F65100E63EF5 /* Swiftformat */,
				8A35AEA31F59F3E600E63EF5 /* Swiftlint */,
				8AC754631F3122FE00C6B70A /* Sources */,
				8AC754641F3122FE00C6B70A /* Frameworks */,
				8A2360041F34F50000969268 /* Copy Carthage Frameworks */,
				8AC754651F3122FE00C6B70A /* Headers */,
				8AC754661F3122FE00C6B70A /* Resources */,
			);
			buildRules = (
			);
			dependencies = (
				8A177BE71F7EEA680097CA3D /* PBXTargetDependency */,
			);
			name = ServiceWorker;
			productName = ServiceWorker;
			productReference = 8AC754681F3122FE00C6B70A /* ServiceWorker.framework */;
			productType = "com.apple.product-type.framework";
		};
		8AC754701F3122FE00C6B70A /* ServiceWorkerTests */ = {
			isa = PBXNativeTarget;
			buildConfigurationList = 8AC7547F1F3122FE00C6B70A /* Build configuration list for PBXNativeTarget "ServiceWorkerTests" */;
			buildPhases = (
				8AC7546D1F3122FE00C6B70A /* Sources */,
				8AC7546E1F3122FE00C6B70A /* Frameworks */,
				8AC7546F1F3122FE00C6B70A /* Resources */,
				8A5D981B1F3DFD7A002E521F /* Copy Carthage Dependencies */,
			);
			buildRules = (
			);
			dependencies = (
				8AC754741F3122FE00C6B70A /* PBXTargetDependency */,
			);
			name = ServiceWorkerTests;
			productName = ServiceWorkerTests;
			productReference = 8AC754711F3122FE00C6B70A /* ServiceWorkerTests.xctest */;
			productType = "com.apple.product-type.bundle.unit-test";
		};
/* End PBXNativeTarget section */

/* Begin PBXProject section */
		8AC7545F1F3122FE00C6B70A /* Project object */ = {
			isa = PBXProject;
			attributes = {
				LastSwiftUpdateCheck = 0900;
				LastUpgradeCheck = 0900;
				ORGANIZATIONNAME = "Guardian Mobile Innovation Lab";
				TargetAttributes = {
					8A177BE11F7EEA4B0097CA3D = {
						CreatedOnToolsVersion = 9.0;
						ProvisioningStyle = Automatic;
					};
					8AC754671F3122FE00C6B70A = {
						CreatedOnToolsVersion = 9.0;
						LastSwiftMigration = 0900;
					};
					8AC754701F3122FE00C6B70A = {
						CreatedOnToolsVersion = 9.0;
					};
				};
			};
			buildConfigurationList = 8AC754621F3122FE00C6B70A /* Build configuration list for PBXProject "ServiceWorker" */;
			compatibilityVersion = "Xcode 8.0";
			developmentRegion = en;
			hasScannedForEncodings = 0;
			knownRegions = (
				en,
			);
			mainGroup = 8AC7545E1F3122FE00C6B70A;
			productRefGroup = 8AC754691F3122FE00C6B70A /* Products */;
			projectDirPath = "";
			projectRoot = "";
			targets = (
				8AC754671F3122FE00C6B70A /* ServiceWorker */,
				8AC754701F3122FE00C6B70A /* ServiceWorkerTests */,
				8A177BE11F7EEA4B0097CA3D /* CommonCrypto */,
			);
		};
/* End PBXProject section */

/* Begin PBXResourcesBuildPhase section */
		8AC754661F3122FE00C6B70A /* Resources */ = {
			isa = PBXResourcesBuildPhase;
			buildActionMask = 2147483647;
			files = (
				8A2360061F34F7BE00969268 /* js-dist in Resources */,
			);
			runOnlyForDeploymentPostprocessing = 0;
		};
		8AC7546F1F3122FE00C6B70A /* Resources */ = {
			isa = PBXResourcesBuildPhase;
			buildActionMask = 2147483647;
			files = (
			);
			runOnlyForDeploymentPostprocessing = 0;
		};
/* End PBXResourcesBuildPhase section */

/* Begin PBXShellScriptBuildPhase section */
		8A177BE51F7EEA4F0097CA3D /* ShellScript */ = {
			isa = PBXShellScriptBuildPhase;
			buildActionMask = 2147483647;
			files = (
			);
			inputPaths = (
			);
			outputPaths = (
			);
			runOnlyForDeploymentPostprocessing = 0;
			shellPath = /bin/sh;
			shellScript = "mkdir -p \"${BUILT_PRODUCTS_DIR}/CommonCryptoModuleMap\"\ncat <<EOF > \"${BUILT_PRODUCTS_DIR}/CommonCryptoModuleMap/module.modulemap\"\nmodule CommonCrypto [system] {\n    header \"${SDKROOT}/usr/include/CommonCrypto/CommonCrypto.h\"\n    export *\n}\nEOF";
		};
		8A2360041F34F50000969268 /* Copy Carthage Frameworks */ = {
			isa = PBXShellScriptBuildPhase;
			buildActionMask = 2147483647;
			files = (
			);
			inputPaths = (
				"$(SRCROOT)/../Carthage/Build/iOS/PromiseKit.framework",
			);
			name = "Copy Carthage Frameworks";
			outputPaths = (
				"$(BUILT_PRODUCTS_DIR)/$(FRAMEWORKS_FOLDER_PATH)/PromiseKit.framework",
			);
			runOnlyForDeploymentPostprocessing = 0;
			shellPath = /bin/sh;
			shellScript = "/usr/local/bin/carthage copy-frameworks\n";
		};
		8A35AEA31F59F3E600E63EF5 /* Swiftlint */ = {
			isa = PBXShellScriptBuildPhase;
			buildActionMask = 2147483647;
			files = (
			);
			inputPaths = (
			);
			name = Swiftlint;
			outputPaths = (
			);
			runOnlyForDeploymentPostprocessing = 0;
			shellPath = /bin/sh;
			shellScript = "if which swiftlint >/dev/null; then\nswiftlint\nelse\necho \"warning: SwiftLint not installed, download from https://github.com/realm/SwiftLint\"\nfi";
		};
		8A35AEA41F59F65100E63EF5 /* Swiftformat */ = {
			isa = PBXShellScriptBuildPhase;
			buildActionMask = 2147483647;
			files = (
			);
			inputPaths = (
			);
			name = Swiftformat;
			outputPaths = (
			);
			runOnlyForDeploymentPostprocessing = 0;
			shellPath = /bin/sh;
			shellScript = "if which swiftformat >/dev/null; then\n\nswiftformat $PROJECT_DIR --commas false --self insert --header strip\nelse\necho \"warning: SwiftFormat not installed, download from https://github.com/nicklockwood/SwiftFormat\"\nfi";
		};
		8A5D981B1F3DFD7A002E521F /* Copy Carthage Dependencies */ = {
			isa = PBXShellScriptBuildPhase;
			buildActionMask = 2147483647;
			files = (
			);
			inputPaths = (
				"$(SRCROOT)/../Carthage/Build/iOS/PromiseKit.framework",
				"$(SRCROOT)/../Carthage/Build/iOS/GCDWebServers.framework",
				"$(SRCROOT)/../Carthage/Build/iOS/FMDB.framework",
				"$(SRCROOT)/../Carthage/Build/iOS/Gzip.framework",
			);
			name = "Copy Carthage Dependencies";
			outputPaths = (
				"$(BUILT_PRODUCTS_DIR)/$(FRAMEWORKS_FOLDER_PATH)/PromiseKit.framework",
				"$(BUILT_PRODUCTS_DIR)/$(FRAMEWORKS_FOLDER_PATH)/GCDWebServers.framework",
				"$(BUILT_PRODUCTS_DIR)/$(FRAMEWORKS_FOLDER_PATH)/FMDB.framework",
				"$(BUILT_PRODUCTS_DIR)/$(FRAMEWORKS_FOLDER_PATH)/Gzip.framework",
			);
			runOnlyForDeploymentPostprocessing = 0;
			shellPath = /bin/sh;
			shellScript = "/usr/local/bin/carthage copy-frameworks";
		};
/* End PBXShellScriptBuildPhase section */

/* Begin PBXSourcesBuildPhase section */
		8AC754631F3122FE00C6B70A /* Sources */ = {
			isa = PBXSourcesBuildPhase;
			buildActionMask = 2147483647;
			files = (
				8AD141071F716AEB00ED2D2C /* ExtendableMessageEvent.swift in Sources */,
				8AC754CF1F31252B00C6B70A /* Event.swift in Sources */,
				8AC754D01F31252B00C6B70A /* EventTarget.swift in Sources */,
				8AC754D11F31252B00C6B70A /* ExtendableEvent.swift in Sources */,
				8AC755381F3240BB00C6B70A /* SQLiteConnection.swift in Sources */,
				8A9831C31F60C9D300ED23F0 /* FetchResponse.swift in Sources */,
				8AEBD30A1F7D50E500AF1A21 /* SQLiteBlobStreamPointer.swift in Sources */,
				8AC754D21F31252B00C6B70A /* FetchHeaders.swift in Sources */,
				8A5B36191F5F4D22009F72AC /* JSArrayBuffer.swift in Sources */,
				8AD1410D1F716E9A00ED2D2C /* SwiftEventListener.swift in Sources */,
				8A43C17E1F4E4102001221C1 /* WorkerClientsProtocol.swift in Sources */,
				8A181AAF1F755FCF005CED14 /* CacheStorage.swift in Sources */,
				8AC754D41F31252B00C6B70A /* FetchRequest.swift in Sources */,
				8A181AB11F756228005CED14 /* CacheStorageProviderDelegate.swift in Sources */,
				8A43C18E1F4F3391001221C1 /* WindowClientProtocol.swift in Sources */,
				8A2264AC1F33BCDA00B48902 /* WebSQLTransaction.swift in Sources */,
				8AC755421F325CD100C6B70A /* WebSQLDatabase.swift in Sources */,
				8AC754D61F31252B00C6B70A /* HttpStatusCodes.swift in Sources */,
				8A35AE941F584EBC00E63EF5 /* ServiceWorkerClientsDelegate.swift in Sources */,
				8AC754D81F31252B00C6B70A /* BasicResponse.swift in Sources */,
				8A43C17C1F4E3FEC001221C1 /* ClientProtocol.swift in Sources */,
				8AC754D91F31252B00C6B70A /* CORSResponse.swift in Sources */,
				8AC754DA1F31252B00C6B70A /* FetchResponseProtocol.swift in Sources */,
				8AC754DB1F31252B00C6B70A /* FetchResponseProxy.swift in Sources */,
				8AC754F41F31292800C6B70A /* ErrorMessage.swift in Sources */,
				8AC754DC1F31252B00C6B70A /* OpaqueResponse.swift in Sources */,
				8AC754DD1F31252B00C6B70A /* ResponseType.swift in Sources */,
				8AC754DE1F31252B00C6B70A /* ConsoleMirror.swift in Sources */,
				8ACCD72D1F50755B00F444B6 /* LocationBase.swift in Sources */,
				8A43C1921F4F3486001221C1 /* WindowClientVisibilityState.swift in Sources */,
				8AEBD3081F7D480C00AF1A21 /* StreamPipe.swift in Sources */,
				8AC754DF1F31252B00C6B70A /* ServiceWorkerGlobalScope.swift in Sources */,
				8AB834631F6223EC00733F42 /* FetchCORSRestrictions.swift in Sources */,
				8A181AAD1F755D2E005CED14 /* CacheMatchOptions.swift in Sources */,
				8AC755391F3240BB00C6B70A /* SQLiteResultSet.swift in Sources */,
				8A5D97F91F3CB532002E521F /* GlobalEventLog.swift in Sources */,
				8AC755341F3240B500C6B70A /* Migration.swift in Sources */,
				8A181A941F717C5C005CED14 /* MessageChannel.swift in Sources */,
				8AC754E31F31252B00C6B70A /* ServiceWorkerRegistrationProtocol.swift in Sources */,
				8A755C0D1F856B73003720B8 /* FetchEvent.swift in Sources */,
				8AC755351F3240BA00C6B70A /* SQLiteBlobReadStream.swift in Sources */,
				8A43C1871F4F29A2001221C1 /* ClientMatchAllOptions.swift in Sources */,
				8AC754E41F31252B00C6B70A /* JSPromise.swift in Sources */,
				8A181AAB1F755C7A005CED14 /* Cache.swift in Sources */,
				8AC754E51F31252B00C6B70A /* PromiseToJSPromise.swift in Sources */,
				8A35AE921F5780DE00E63EF5 /* ServiceWorkerGlobalScopeDelegate.swift in Sources */,
				8A1D939D1F632822003CD121 /* FetchTask.swift in Sources */,
				8AC754E61F31252B00C6B70A /* TimeoutManager.swift in Sources */,
				8A2264AE1F33C6C700B48902 /* WebSQLResultSet.swift in Sources */,
				8AD141091F716C3800ED2D2C /* EventListenerProtocol.swift in Sources */,
				8A235FF91F34D0D300969268 /* SQLiteDataType.swift in Sources */,
				8AC754E91F31252B00C6B70A /* ServiceWorker.swift in Sources */,
				8AC754EA1F31252B00C6B70A /* ServiceWorkerExecutionEnvironment.swift in Sources */,
				8AC755371F3240BB00C6B70A /* SQLiteBlobWriteStream.swift in Sources */,
				8A8C3A1F1F4F3DED00EDA645 /* WindowClient.swift in Sources */,
				8AEBD3121F7EA1E700AF1A21 /* InputStreamImplementation.swift in Sources */,
				8AF48A5E1F7C00CD0036537B /* ConstructableFetchResponse.swift in Sources */,
				8AEBD3141F7EA8C800AF1A21 /* OutputStreamImplementation.swift in Sources */,
				8AC754F61F31293C00C6B70A /* SharedLogInterface.swift in Sources */,
				8ACCD7341F50936600F444B6 /* WorkerLocation.swift in Sources */,
				8A43C18A1F4F2C79001221C1 /* Clients.swift in Sources */,
				8AD1410B1F716CA800ED2D2C /* JSEventListener.swift in Sources */,
				8AC754EB1F31252B00C6B70A /* ServiceWorkerInstallState.swift in Sources */,
				8AD141031F7168CB00ED2D2C /* MessagePort.swift in Sources */,
				8A35AE901F577BFF00E63EF5 /* ServiceWorkerDelegate.swift in Sources */,
				8A755C0B1F8569B1003720B8 /* EventPromiseExtender.swift in Sources */,
				8A177BDB1F7EC2730097CA3D /* PassthroughStream.swift in Sources */,
				8AD140FB1F70401800ED2D2C /* WebSQLResultRows.swift in Sources */,
				8A463DEC1F6C207700AA5B26 /* GlobalVariableProvider.swift in Sources */,
				8AEBD3101F7DD42800AF1A21 /* JSArrayBufferStream.swift in Sources */,
				8ACCD7301F507E9600F444B6 /* JSURL.swift in Sources */,
				8A755C131F858399003720B8 /* URLSearchParams.swift in Sources */,
				8A43C18C1F4F32CD001221C1 /* ClientType.swift in Sources */,
				8A9831C11F60C5D100ED23F0 /* FetchSession.swift in Sources */,
				8AD141051F71698900ED2D2C /* Transferable.swift in Sources */,
				8A43C1901F4F346F001221C1 /* Client.swift in Sources */,
				8A181AA01F71BA05005CED14 /* MessagePortTarget.swift in Sources */,
			);
			runOnlyForDeploymentPostprocessing = 0;
		};
		8AC7546D1F3122FE00C6B70A /* Sources */ = {
			isa = PBXSourcesBuildPhase;
			buildActionMask = 2147483647;
			files = (
				8AC755271F32404800C6B70A /* TestWeb.swift in Sources */,
				8AC755111F312A3200C6B70A /* JSPromise.swift in Sources */,
				8AC755141F312A3200C6B70A /* Migrate.swift in Sources */,
				8AC755291F32404C00C6B70A /* PromiseAssert.swift in Sources */,
				8AF48A601F7C06E90036537B /* ConstructableFetchResponseTests.swift in Sources */,
				8AC755151F312A3200C6B70A /* EventTargetTests.swift in Sources */,
				8AC755161F312A3200C6B70A /* ExtendableEventTests.swift in Sources */,
				8AC755171F312A3200C6B70A /* FetchHeadersTests.swift in Sources */,
				8A235FF41F34C62100969268 /* SQLiteTests.swift in Sources */,
				8A8C3A221F4F47C600EDA645 /* ClientsTests.swift in Sources */,
				8A315BF21F50EA3A00BFF5F1 /* ZZZZ_TestEndChecks.swift in Sources */,
				8A177BDD1F7EC8D00097CA3D /* PassthroughStream.swift in Sources */,
				8A181A961F717D19005CED14 /* MessageChannelTests.swift in Sources */,
				8AD141101F71739E00ED2D2C /* MessagePortTests.swift in Sources */,
				8ACCD72B1F50719400F444B6 /* FetchRequestTests.swift in Sources */,
				8AC755181F312A3200C6B70A /* FetchOperation.swift in Sources */,
				8ACCD7321F50828A00F444B6 /* URLTests.swift in Sources */,
				8AC755191F312A3200C6B70A /* FetchOperationCORS.swift in Sources */,
				8AC7551A1F312A3200C6B70A /* FetchResponse.swift in Sources */,
				8A181ABA1F756B86005CED14 /* CacheTests.swift in Sources */,
				8A463DEF1F6C282F00AA5B26 /* PerformanceTests.swift in Sources */,
				8AC7551B1F312A3200C6B70A /* ConsoleMirrorTests.swift in Sources */,
				8A653E871F6983B500115228 /* GlobalContextMessingAround.swift in Sources */,
				8AD140FD1F705A1100ED2D2C /* TimeoutTests.swift in Sources */,
				8AC7551C1F312A3200C6B70A /* ExecutionTests.swift in Sources */,
				8AC7551D1F312A3200C6B70A /* GlobalScopeTests.swift in Sources */,
				8AC7551E1F312A3200C6B70A /* ImportScriptsTests.swift in Sources */,
				8AC755281F32404A00C6B70A /* ServiceWorkerExtensions.swift in Sources */,
				8AEBD30E1F7D624600AF1A21 /* StreamPipeTests.swift in Sources */,
				8A755C0F1F856BD0003720B8 /* FetchEventTests.swift in Sources */,
				8A235FFE1F34DEAB00969268 /* WebSQLConnection.swift in Sources */,
				8AC7550F1F312A1200C6B70A /* Bootstrap.swift in Sources */,
				8A177BEC1F7EF37E0097CA3D /* FetchPerformance.swift in Sources */,
				8A5510771F70294300B6A6A6 /* IndexedDBTests.swift in Sources */,
				8AC754771F3122FE00C6B70A /* ServiceWorkerTests.swift in Sources */,
			);
			runOnlyForDeploymentPostprocessing = 0;
		};
/* End PBXSourcesBuildPhase section */

/* Begin PBXTargetDependency section */
		8A177BE71F7EEA680097CA3D /* PBXTargetDependency */ = {
			isa = PBXTargetDependency;
			target = 8A177BE11F7EEA4B0097CA3D /* CommonCrypto */;
			targetProxy = 8A177BE61F7EEA680097CA3D /* PBXContainerItemProxy */;
		};
		8AC754741F3122FE00C6B70A /* PBXTargetDependency */ = {
			isa = PBXTargetDependency;
			target = 8AC754671F3122FE00C6B70A /* ServiceWorker */;
			targetProxy = 8AC754731F3122FE00C6B70A /* PBXContainerItemProxy */;
		};
/* End PBXTargetDependency section */

/* Begin XCBuildConfiguration section */
		8A177BE21F7EEA4B0097CA3D /* Debug */ = {
			isa = XCBuildConfiguration;
			buildSettings = {
				CODE_SIGN_STYLE = Automatic;
				DEVELOPMENT_TEAM = 998P9U5NGJ;
				PRODUCT_NAME = "$(TARGET_NAME)";
			};
			name = Debug;
		};
		8A177BE31F7EEA4B0097CA3D /* Release */ = {
			isa = XCBuildConfiguration;
			buildSettings = {
				CODE_SIGN_STYLE = Automatic;
				DEVELOPMENT_TEAM = 998P9U5NGJ;
				PRODUCT_NAME = "$(TARGET_NAME)";
			};
			name = Release;
		};
		8AC7547A1F3122FE00C6B70A /* Debug */ = {
			isa = XCBuildConfiguration;
			buildSettings = {
				ALWAYS_SEARCH_USER_PATHS = NO;
				CLANG_ANALYZER_NONNULL = YES;
				CLANG_ANALYZER_NUMBER_OBJECT_CONVERSION = YES_AGGRESSIVE;
				CLANG_CXX_LANGUAGE_STANDARD = "gnu++14";
				CLANG_CXX_LIBRARY = "libc++";
				CLANG_ENABLE_MODULES = YES;
				CLANG_ENABLE_OBJC_ARC = YES;
				CLANG_WARN_BLOCK_CAPTURE_AUTORELEASING = YES;
				CLANG_WARN_BOOL_CONVERSION = YES;
				CLANG_WARN_COMMA = YES;
				CLANG_WARN_CONSTANT_CONVERSION = YES;
				CLANG_WARN_DIRECT_OBJC_ISA_USAGE = YES_ERROR;
				CLANG_WARN_DOCUMENTATION_COMMENTS = YES;
				CLANG_WARN_EMPTY_BODY = YES;
				CLANG_WARN_ENUM_CONVERSION = YES;
				CLANG_WARN_INFINITE_RECURSION = YES;
				CLANG_WARN_INT_CONVERSION = YES;
				CLANG_WARN_NON_LITERAL_NULL_CONVERSION = YES;
				CLANG_WARN_OBJC_LITERAL_CONVERSION = YES;
				CLANG_WARN_OBJC_ROOT_CLASS = YES_ERROR;
				CLANG_WARN_RANGE_LOOP_ANALYSIS = YES;
				CLANG_WARN_STRICT_PROTOTYPES = YES;
				CLANG_WARN_SUSPICIOUS_MOVE = YES;
				CLANG_WARN_UNGUARDED_AVAILABILITY = YES_AGGRESSIVE;
				CLANG_WARN_UNREACHABLE_CODE = YES;
				CLANG_WARN__DUPLICATE_METHOD_MATCH = YES;
				CODE_SIGN_IDENTITY = "iPhone Developer";
				COPY_PHASE_STRIP = NO;
				CURRENT_PROJECT_VERSION = 1;
				DEBUG_INFORMATION_FORMAT = dwarf;
				ENABLE_STRICT_OBJC_MSGSEND = YES;
				ENABLE_TESTABILITY = YES;
				FRAMEWORK_SEARCH_PATHS = "${PROJECT_DIR}/../Carthage/Build/iOS";
				GCC_C_LANGUAGE_STANDARD = gnu11;
				GCC_DYNAMIC_NO_PIC = NO;
				GCC_NO_COMMON_BLOCKS = YES;
				GCC_OPTIMIZATION_LEVEL = 0;
				GCC_PREPROCESSOR_DEFINITIONS = (
					"DEBUG=1",
					"$(inherited)",
				);
				GCC_WARN_64_TO_32_BIT_CONVERSION = YES;
				GCC_WARN_ABOUT_RETURN_TYPE = YES_ERROR;
				GCC_WARN_UNDECLARED_SELECTOR = YES;
				GCC_WARN_UNINITIALIZED_AUTOS = YES_AGGRESSIVE;
				GCC_WARN_UNUSED_FUNCTION = YES;
				GCC_WARN_UNUSED_VARIABLE = YES;
				IPHONEOS_DEPLOYMENT_TARGET = 11.0;
				MTL_ENABLE_DEBUG_INFO = YES;
				ONLY_ACTIVE_ARCH = YES;
				SDKROOT = iphoneos;
				SWIFT_ACTIVE_COMPILATION_CONDITIONS = DEBUG;
				SWIFT_OPTIMIZATION_LEVEL = "-Onone";
				VERSIONING_SYSTEM = "apple-generic";
				VERSION_INFO_PREFIX = "";
			};
			name = Debug;
		};
		8AC7547B1F3122FE00C6B70A /* Release */ = {
			isa = XCBuildConfiguration;
			buildSettings = {
				ALWAYS_SEARCH_USER_PATHS = NO;
				CLANG_ANALYZER_NONNULL = YES;
				CLANG_ANALYZER_NUMBER_OBJECT_CONVERSION = YES_AGGRESSIVE;
				CLANG_CXX_LANGUAGE_STANDARD = "gnu++14";
				CLANG_CXX_LIBRARY = "libc++";
				CLANG_ENABLE_MODULES = YES;
				CLANG_ENABLE_OBJC_ARC = YES;
				CLANG_WARN_BLOCK_CAPTURE_AUTORELEASING = YES;
				CLANG_WARN_BOOL_CONVERSION = YES;
				CLANG_WARN_COMMA = YES;
				CLANG_WARN_CONSTANT_CONVERSION = YES;
				CLANG_WARN_DIRECT_OBJC_ISA_USAGE = YES_ERROR;
				CLANG_WARN_DOCUMENTATION_COMMENTS = YES;
				CLANG_WARN_EMPTY_BODY = YES;
				CLANG_WARN_ENUM_CONVERSION = YES;
				CLANG_WARN_INFINITE_RECURSION = YES;
				CLANG_WARN_INT_CONVERSION = YES;
				CLANG_WARN_NON_LITERAL_NULL_CONVERSION = YES;
				CLANG_WARN_OBJC_LITERAL_CONVERSION = YES;
				CLANG_WARN_OBJC_ROOT_CLASS = YES_ERROR;
				CLANG_WARN_RANGE_LOOP_ANALYSIS = YES;
				CLANG_WARN_STRICT_PROTOTYPES = YES;
				CLANG_WARN_SUSPICIOUS_MOVE = YES;
				CLANG_WARN_UNGUARDED_AVAILABILITY = YES_AGGRESSIVE;
				CLANG_WARN_UNREACHABLE_CODE = YES;
				CLANG_WARN__DUPLICATE_METHOD_MATCH = YES;
				CODE_SIGN_IDENTITY = "iPhone Developer";
				COPY_PHASE_STRIP = NO;
				CURRENT_PROJECT_VERSION = 1;
				DEBUG_INFORMATION_FORMAT = "dwarf-with-dsym";
				ENABLE_NS_ASSERTIONS = NO;
				ENABLE_STRICT_OBJC_MSGSEND = YES;
				FRAMEWORK_SEARCH_PATHS = "${PROJECT_DIR}/../Carthage/Build/iOS";
				GCC_C_LANGUAGE_STANDARD = gnu11;
				GCC_NO_COMMON_BLOCKS = YES;
				GCC_WARN_64_TO_32_BIT_CONVERSION = YES;
				GCC_WARN_ABOUT_RETURN_TYPE = YES_ERROR;
				GCC_WARN_UNDECLARED_SELECTOR = YES;
				GCC_WARN_UNINITIALIZED_AUTOS = YES_AGGRESSIVE;
				GCC_WARN_UNUSED_FUNCTION = YES;
				GCC_WARN_UNUSED_VARIABLE = YES;
				IPHONEOS_DEPLOYMENT_TARGET = 11.0;
				MTL_ENABLE_DEBUG_INFO = NO;
				SDKROOT = iphoneos;
				SWIFT_OPTIMIZATION_LEVEL = "-Owholemodule";
				VALIDATE_PRODUCT = YES;
				VERSIONING_SYSTEM = "apple-generic";
				VERSION_INFO_PREFIX = "";
			};
			name = Release;
		};
		8AC7547D1F3122FE00C6B70A /* Debug */ = {
			isa = XCBuildConfiguration;
			buildSettings = {
				APPLICATION_EXTENSION_API_ONLY = YES;
				CLANG_ENABLE_MODULES = YES;
				CODE_SIGN_IDENTITY = "";
				DEFINES_MODULE = YES;
				DEVELOPMENT_TEAM = 998P9U5NGJ;
				DYLIB_COMPATIBILITY_VERSION = 1;
				DYLIB_CURRENT_VERSION = 1;
				DYLIB_INSTALL_NAME_BASE = "@rpath";
				INFOPLIST_FILE = ServiceWorker/Info.plist;
				INSTALL_PATH = "$(LOCAL_LIBRARY_DIR)/Frameworks";
				LD_RUNPATH_SEARCH_PATHS = "@executable_path/Frameworks @loader_path/Frameworks";
				PRODUCT_BUNDLE_IDENTIFIER = com.gdnmobilelab.ServiceWorker;
				PRODUCT_NAME = "$(TARGET_NAME:c99extidentifier)";
				SKIP_INSTALL = YES;
				SWIFT_OPTIMIZATION_LEVEL = "-Onone";
				SWIFT_VERSION = 4.0;
				TARGETED_DEVICE_FAMILY = "1,2";
			};
			name = Debug;
		};
		8AC7547E1F3122FE00C6B70A /* Release */ = {
			isa = XCBuildConfiguration;
			buildSettings = {
				APPLICATION_EXTENSION_API_ONLY = YES;
				CLANG_ENABLE_MODULES = YES;
				CODE_SIGN_IDENTITY = "";
				DEFINES_MODULE = YES;
				DEVELOPMENT_TEAM = 998P9U5NGJ;
				DYLIB_COMPATIBILITY_VERSION = 1;
				DYLIB_CURRENT_VERSION = 1;
				DYLIB_INSTALL_NAME_BASE = "@rpath";
				INFOPLIST_FILE = ServiceWorker/Info.plist;
				INSTALL_PATH = "$(LOCAL_LIBRARY_DIR)/Frameworks";
				LD_RUNPATH_SEARCH_PATHS = "@executable_path/Frameworks @loader_path/Frameworks";
				PRODUCT_BUNDLE_IDENTIFIER = com.gdnmobilelab.ServiceWorker;
				PRODUCT_NAME = "$(TARGET_NAME:c99extidentifier)";
				SKIP_INSTALL = YES;
				SWIFT_VERSION = 4.0;
				TARGETED_DEVICE_FAMILY = "1,2";
			};
			name = Release;
		};
		8AC754801F3122FE00C6B70A /* Debug */ = {
			isa = XCBuildConfiguration;
			buildSettings = {
				ALWAYS_EMBED_SWIFT_STANDARD_LIBRARIES = YES;
				DEVELOPMENT_TEAM = 998P9U5NGJ;
				INFOPLIST_FILE = ServiceWorkerTests/Info.plist;
				LD_RUNPATH_SEARCH_PATHS = "$(inherited) @executable_path/Frameworks @loader_path/Frameworks";
				PRODUCT_BUNDLE_IDENTIFIER = com.gdnmobilelab.ServiceWorkerTests;
				PRODUCT_NAME = "$(TARGET_NAME)";
				SWIFT_VERSION = 4.0;
				TARGETED_DEVICE_FAMILY = "1,2";
			};
			name = Debug;
		};
		8AC754811F3122FE00C6B70A /* Release */ = {
			isa = XCBuildConfiguration;
			buildSettings = {
				ALWAYS_EMBED_SWIFT_STANDARD_LIBRARIES = YES;
				DEVELOPMENT_TEAM = 998P9U5NGJ;
				INFOPLIST_FILE = ServiceWorkerTests/Info.plist;
				LD_RUNPATH_SEARCH_PATHS = "$(inherited) @executable_path/Frameworks @loader_path/Frameworks";
				PRODUCT_BUNDLE_IDENTIFIER = com.gdnmobilelab.ServiceWorkerTests;
				PRODUCT_NAME = "$(TARGET_NAME)";
				SWIFT_VERSION = 4.0;
				TARGETED_DEVICE_FAMILY = "1,2";
			};
			name = Release;
		};
/* End XCBuildConfiguration section */

/* Begin XCConfigurationList section */
		8A177BE41F7EEA4B0097CA3D /* Build configuration list for PBXAggregateTarget "CommonCrypto" */ = {
			isa = XCConfigurationList;
			buildConfigurations = (
				8A177BE21F7EEA4B0097CA3D /* Debug */,
				8A177BE31F7EEA4B0097CA3D /* Release */,
			);
			defaultConfigurationIsVisible = 0;
			defaultConfigurationName = Release;
		};
		8AC754621F3122FE00C6B70A /* Build configuration list for PBXProject "ServiceWorker" */ = {
			isa = XCConfigurationList;
			buildConfigurations = (
				8AC7547A1F3122FE00C6B70A /* Debug */,
				8AC7547B1F3122FE00C6B70A /* Release */,
			);
			defaultConfigurationIsVisible = 0;
			defaultConfigurationName = Release;
		};
		8AC7547C1F3122FE00C6B70A /* Build configuration list for PBXNativeTarget "ServiceWorker" */ = {
			isa = XCConfigurationList;
			buildConfigurations = (
				8AC7547D1F3122FE00C6B70A /* Debug */,
				8AC7547E1F3122FE00C6B70A /* Release */,
			);
			defaultConfigurationIsVisible = 0;
			defaultConfigurationName = Release;
		};
		8AC7547F1F3122FE00C6B70A /* Build configuration list for PBXNativeTarget "ServiceWorkerTests" */ = {
			isa = XCConfigurationList;
			buildConfigurations = (
				8AC754801F3122FE00C6B70A /* Debug */,
				8AC754811F3122FE00C6B70A /* Release */,
			);
			defaultConfigurationIsVisible = 0;
			defaultConfigurationName = Release;
		};
/* End XCConfigurationList section */
	};
	rootObject = 8AC7545F1F3122FE00C6B70A /* Project object */;
}
